// !$*UTF8*$!
{
	archiveVersion = 1;
	classes = {
	};
	objectVersion = 77;
	objects = {

/* Begin PBXBuildFile section */
		00669ED5BB9BE9FF5614782C /* CustomerNotifier.swift in Sources */ = {isa = PBXBuildFile; fileRef = 9A023D2A9519853B5691FF65 /* CustomerNotifier.swift */; };
		015AC3572CA55852CFD84F6F /* CustomersListView.swift in Sources */ = {isa = PBXBuildFile; fileRef = 3A61B87A34BA4C847248AA8D /* CustomersListView.swift */; };
		05D8DB011D28105FFA388D78 /* ErrorBusTests.swift in Sources */ = {isa = PBXBuildFile; fileRef = A1DFFBBD1FFE1E5F1709949A /* ErrorBusTests.swift */; };
		0860D0C6EE8C6A6995A2B6C6 /* StaffRoleContext.swift in Sources */ = {isa = PBXBuildFile; fileRef = F130C3CAE3C4C1B689BC7C7C /* StaffRoleContext.swift */; };
		0E23288E6896CAB3D178D5C9 /* GeminiService.swift in Sources */ = {isa = PBXBuildFile; fileRef = C97BB0D1E591FD5933A287C0 /* GeminiService.swift */; };
		110E5EC55ADC1F4AB9E1DC57 /* Design.swift in Sources */ = {isa = PBXBuildFile; fileRef = B3BC2DAB9F3A9E15EE732231 /* Design.swift */; };
		11106FCE314038E586A51BAB /* ErrorBus.swift in Sources */ = {isa = PBXBuildFile; fileRef = 1C449608F074290180B2B427 /* ErrorBus.swift */; };
		132F580C1AC00B8C85DCF0A0 /* CustomerProfilesService.swift in Sources */ = {isa = PBXBuildFile; fileRef = 13E7CE976CB5309E17FA5A7B /* CustomerProfilesService.swift */; };
		138FBD62AA1BB9FD570549F1 /* ImportantDatesService.swift in Sources */ = {isa = PBXBuildFile; fileRef = ACA9CD6936DFD9F296D13514 /* ImportantDatesService.swift */; };
		16AB9E5FDC258C0767FDAF69 /* MorningBoardTests.swift in Sources */ = {isa = PBXBuildFile; fileRef = 8A49934CCE69186D66047F49 /* MorningBoardTests.swift */; };
		1B442A269992631F22CAA512 /* PaymentsService.swift in Sources */ = {isa = PBXBuildFile; fileRef = 0CB67444A39A9A8225D475C2 /* PaymentsService.swift */; };
		1B87E7C081BAB5D8BDC61BBC /* SignInView.swift in Sources */ = {isa = PBXBuildFile; fileRef = BF745E6724DE0A69610EC6FE /* SignInView.swift */; };
		1BA363E0E46EE31727105266 /* JobCardPreviewView.swift in Sources */ = {isa = PBXBuildFile; fileRef = B2D42D75CCEE8F362E9D8426 /* JobCardPreviewView.swift */; };
		213A32169149B7F1D8D8B01A /* InvoicePreviewView.swift in Sources */ = {isa = PBXBuildFile; fileRef = 4251439734E8C843EE5AD349 /* InvoicePreviewView.swift */; };
		232EA73DDC6B8671B2211409 /* CustomerImportServiceTests.swift in Sources */ = {isa = PBXBuildFile; fileRef = 0AB14826B981C515F7BD3830 /* CustomerImportServiceTests.swift */; };
		2382652846A820C83D63A8A8 /* ImportantDatesListView.swift in Sources */ = {isa = PBXBuildFile; fileRef = 9A5B792D337D3CC5CDD8D3F5 /* ImportantDatesListView.swift */; };
		2416929843F5AE83245BD772 /* JobCardPDFGenerator.swift in Sources */ = {isa = PBXBuildFile; fileRef = 35A188402BDB0D4379A39B2F /* JobCardPDFGenerator.swift */; };
		24C5EAFDED1EF2E950EBDC45 /* LockGateTests.swift in Sources */ = {isa = PBXBuildFile; fileRef = 68664C979D4DCA261430B1B2 /* LockGateTests.swift */; };
		28ED8754B511B3D8AEE21673 /* Alteration.swift in Sources */ = {isa = PBXBuildFile; fileRef = EA939AF6FDAEA79E2EF27E39 /* Alteration.swift */; };
		29F0F34F7694D9ECDAEA15F9 /* OrderTimelineView.swift in Sources */ = {isa = PBXBuildFile; fileRef = 42B75FB38911DE4973558CCD /* OrderTimelineView.swift */; };
		2A56907FBE2F2C4AA2239340 /* Assets.xcassets in Resources */ = {isa = PBXBuildFile; fileRef = 8D863245ED5ACE74EB5C9AB8 /* Assets.xcassets */; };
		2D3DBAC66176C1D21D911150 /* AICostMeter.swift in Sources */ = {isa = PBXBuildFile; fileRef = 139CE97A5567827938FE9C02 /* AICostMeter.swift */; };
		2EF8E600870EF1FD57E1BD32 /* OrderDetailView.swift in Sources */ = {isa = PBXBuildFile; fileRef = E6C019879B1A0DF3D6BDBE1B /* OrderDetailView.swift */; };
		3264B217FD1CCFA58DAA2633 /* CustomerImportService.swift in Sources */ = {isa = PBXBuildFile; fileRef = 1193F2DBDD7D7A3B072038DD /* CustomerImportService.swift */; };
		33F17557C4D481725C1DB23D /* LockGate.swift in Sources */ = {isa = PBXBuildFile; fileRef = 4D9B210FA66B4A290F6B8489 /* LockGate.swift */; };
		36BDA2006336D7AF28A972F1 /* GSTReportExporter.swift in Sources */ = {isa = PBXBuildFile; fileRef = 827FDFBB02BB23FC704F45B6 /* GSTReportExporter.swift */; };
		3792A208A38CE693B5BE7929 /* Appointment.swift in Sources */ = {isa = PBXBuildFile; fileRef = A0598C196A691999052AF60B /* Appointment.swift */; };
		387E708FA3AA7AF063AAAC6F /* RolePolicyTests.swift in Sources */ = {isa = PBXBuildFile; fileRef = B1F60CDE5F862531B6D46BFD /* RolePolicyTests.swift */; };
		3B82E0B70A3145D5FA02D2FB /* CustomerSpend.swift in Sources */ = {isa = PBXBuildFile; fileRef = 49A663770C8356F1A66D0028 /* CustomerSpend.swift */; };
		3BB4B81055DD40E5345E5672 /* GSTINValidatorTests.swift in Sources */ = {isa = PBXBuildFile; fileRef = BD8EEE2A09A3DFE5D56E8C1C /* GSTINValidatorTests.swift */; };
		3FCD2D638C3843D00F04E944 /* CustomerDetailView.swift in Sources */ = {isa = PBXBuildFile; fileRef = 0E35FAAA1DE3580CE4CA2368 /* CustomerDetailView.swift */; };
		456C1BD1DCFFFD9E05E08DD9 /* PinHasher.swift in Sources */ = {isa = PBXBuildFile; fileRef = 782BC2A1A41161423583B0FA /* PinHasher.swift */; };
		45734C8BB078AD0F53E25379 /* WhatsAppShareHelperTests.swift in Sources */ = {isa = PBXBuildFile; fileRef = D9BFC7650136A2BB654FC04E /* WhatsAppShareHelperTests.swift */; };
		4624C704DF46081638434B73 /* MoneyTests.swift in Sources */ = {isa = PBXBuildFile; fileRef = B51B9B78A325D13321B07EE6 /* MoneyTests.swift */; };
		477A637B79BC53952C16185F /* SlackBadge.swift in Sources */ = {isa = PBXBuildFile; fileRef = B1B2B36D2550F269C7C0C5A8 /* SlackBadge.swift */; };
		47DCCD8355C934670FA1DE29 /* AppointmentsService.swift in Sources */ = {isa = PBXBuildFile; fileRef = A2AB779DCC412E6489076985 /* AppointmentsService.swift */; };
		491C46CD7DD3C8FB990BE716 /* AppShellView.swift in Sources */ = {isa = PBXBuildFile; fileRef = 562812B13F7D90510B109E44 /* AppShellView.swift */; };
		496750A87198099EACC4CB27 /* EnumDecodingTests.swift in Sources */ = {isa = PBXBuildFile; fileRef = E62D7FAC992BCFA6EEE2E5BB /* EnumDecodingTests.swift */; };
		4B4B4778A1D9B12862832D95 /* StyleSuggestionsSheet.swift in Sources */ = {isa = PBXBuildFile; fileRef = FC73C87086D30EB4B20BEB12 /* StyleSuggestionsSheet.swift */; };
		4C36CD68C4A50EFB987D6450 /* CalendarView.swift in Sources */ = {isa = PBXBuildFile; fileRef = 1EE7AE14DC7655A5808B26EE /* CalendarView.swift */; };
		543FBF536AEF6CDB326F3833 /* BoutiqueService.swift in Sources */ = {isa = PBXBuildFile; fileRef = 42C4CFDA669F1F48B1EC4C45 /* BoutiqueService.swift */; };
		56BD952314C4D2F871545F14 /* CustomerFormView.swift in Sources */ = {isa = PBXBuildFile; fileRef = 62698AE8EF9998C8AFC44AFE /* CustomerFormView.swift */; };
		56CFB9E4973ECABB108E88EB /* Formatters.swift in Sources */ = {isa = PBXBuildFile; fileRef = 498791B4D1735BE393917F2E /* Formatters.swift */; };
		5A33BF4256D3270CE0B1118E /* OrderLock.swift in Sources */ = {isa = PBXBuildFile; fileRef = 3F0D87EDD2AA39EE77BC40E5 /* OrderLock.swift */; };
		5ABA0C7F23F05BAE1CDDF0C8 /* ConfigTests.swift in Sources */ = {isa = PBXBuildFile; fileRef = E18ED923174A4F69A02A4C12 /* ConfigTests.swift */; };
		5BAAF970580377523EA91E6E /* NotificationsService.swift in Sources */ = {isa = PBXBuildFile; fileRef = 1C814D6DDDC7AF446243A540 /* NotificationsService.swift */; };
		5C8A789C1F54CF86C8CD2D1B /* AlterationsService.swift in Sources */ = {isa = PBXBuildFile; fileRef = 17F512EB1A6C0EED66341868 /* AlterationsService.swift */; };
		5FA7CE73E3A9805485320355 /* CustomerTimelineEventTests.swift in Sources */ = {isa = PBXBuildFile; fileRef = 93794B16F0C3102D8AB87332 /* CustomerTimelineEventTests.swift */; };
		623703DD58FDB486EC845FB8 /* CustomerProfile.swift in Sources */ = {isa = PBXBuildFile; fileRef = 368E0430D424AD8B2D3BB7C5 /* CustomerProfile.swift */; };
		62A2312C3C7BE2052A92F9FB /* WhatsAppShareHelper.swift in Sources */ = {isa = PBXBuildFile; fileRef = 6E6566F16DD7D66E5D1755FE /* WhatsAppShareHelper.swift */; };
		631A2B06BAA7191CB4DDB8AC /* SettingsView.swift in Sources */ = {isa = PBXBuildFile; fileRef = 0BF947ADCF9CBE3A06D5C8C5 /* SettingsView.swift */; };
		6B6AACAB4EE04A4BCF261C14 /* CustomerSpendTests.swift in Sources */ = {isa = PBXBuildFile; fileRef = A7419FD8CFB36BD15950E398 /* CustomerSpendTests.swift */; };
		6C2846260A41B6B76688DFDE /* RemindersSectionView.swift in Sources */ = {isa = PBXBuildFile; fileRef = 987D12913C4653631A3DEF0D /* RemindersSectionView.swift */; };
		6D2A26D6EA6DBC84A99173EA /* OrdersListView.swift in Sources */ = {isa = PBXBuildFile; fileRef = FAE7418F4C807687DFC3BEFD /* OrdersListView.swift */; };
		6E921B0A36CE7103E5F7801D /* DesignsListView.swift in Sources */ = {isa = PBXBuildFile; fileRef = 531B614F104FBB0C1B8F63D6 /* DesignsListView.swift */; };
		6F73FA4C49F74B4B68CB220A /* CustomerStyleProfileView.swift in Sources */ = {isa = PBXBuildFile; fileRef = 809AB65E410865D605DD1486 /* CustomerStyleProfileView.swift */; };
		72B4089DBD5112F35AE0994E /* OrderSlack.swift in Sources */ = {isa = PBXBuildFile; fileRef = B65938960FE851593B10AD49 /* OrderSlack.swift */; };
		72DD05843BB7F59E3FD1889B /* ReferencePromptTests.swift in Sources */ = {isa = PBXBuildFile; fileRef = DB82B2C0DAF757B5B37CC1C4 /* ReferencePromptTests.swift */; };
		74B81B98D5B264EC57737419 /* DesignsService.swift in Sources */ = {isa = PBXBuildFile; fileRef = 4BD68DFCE40193478DFA3D1A /* DesignsService.swift */; };
		74E9FB3FB01DC67AF00FFAC1 /* ImportantDateFormView.swift in Sources */ = {isa = PBXBuildFile; fileRef = FCA05E72225F45775FE60623 /* ImportantDateFormView.swift */; };
		75498B08BB481C1A9F0B6458 /* VirtualTryOnView.swift in Sources */ = {isa = PBXBuildFile; fileRef = 45D48599DC88D52C76C53913 /* VirtualTryOnView.swift */; };
		761FD51BDE3A3FFF1B08168B /* JobCard.swift in Sources */ = {isa = PBXBuildFile; fileRef = 820B25C7EC953FF321AA3A9D /* JobCard.swift */; };
		7621FBC1259401B39D275864 /* Order.swift in Sources */ = {isa = PBXBuildFile; fileRef = 12931A2B737AEDEA26887CB2 /* Order.swift */; };
		763BAB6C879BB592CC9A5023 /* Boutique.swift in Sources */ = {isa = PBXBuildFile; fileRef = 789DE6A8A8FAB2334510972E /* Boutique.swift */; };
		77CB783F18E57C4D78803AAD /* CustomerTimelineService.swift in Sources */ = {isa = PBXBuildFile; fileRef = B81CC7E069E03AA8A08C0491 /* CustomerTimelineService.swift */; };
		78AA949DF3EB07E3678D8CEC /* SketchCanvasView.swift in Sources */ = {isa = PBXBuildFile; fileRef = 9A35A89FB3A8A1E2ADD1A999 /* SketchCanvasView.swift */; };
		7A85C706C713FE590D928ACD /* ModelDecodingTests.swift in Sources */ = {isa = PBXBuildFile; fileRef = 794FBB04EB0EE2D819A44205 /* ModelDecodingTests.swift */; };
		7C20E9A08730F26AD5E8AFBB /* SendGridClient.swift in Sources */ = {isa = PBXBuildFile; fileRef = CAAD7B1458C3EE3EFBAA1C5A /* SendGridClient.swift */; };
		8815BF21F8E056D32B6A7A5F /* Log.swift in Sources */ = {isa = PBXBuildFile; fileRef = 3B00FCF5C94D1A41AFB521B6 /* Log.swift */; };
		8880119B63E872ED0384F0D4 /* GarmentTemplate.swift in Sources */ = {isa = PBXBuildFile; fileRef = 2E0DFFF6CFE3EA0D869CBF30 /* GarmentTemplate.swift */; };
		88B0947BE7CFB88991C39FF6 /* ReferenceStudioView.swift in Sources */ = {isa = PBXBuildFile; fileRef = 7A3C298A5F658C09E577D6FC /* ReferenceStudioView.swift */; };
		8DF54D169A390D036680A486 /* MeasurementFormView.swift in Sources */ = {isa = PBXBuildFile; fileRef = DA29427CF5F8C65947177AB4 /* MeasurementFormView.swift */; };
		8FFAFB40924BC16D12DC0E38 /* KeychainStore.swift in Sources */ = {isa = PBXBuildFile; fileRef = 7F2E1320084D3C6F4A716C4E /* KeychainStore.swift */; };
		902BCE9FE75F12267706D51B /* CustomerSpendSummaryView.swift in Sources */ = {isa = PBXBuildFile; fileRef = 5973CEB0663435B0AC5A175A /* CustomerSpendSummaryView.swift */; };
		92CAEE3D77F9B3E01D4A2107 /* DesignRendersService.swift in Sources */ = {isa = PBXBuildFile; fileRef = 845EE245EB7CFC98E6E1253F /* DesignRendersService.swift */; };
		92FCF47CDAC1957CC7FBF28E /* MorningBoardView.swift in Sources */ = {isa = PBXBuildFile; fileRef = BE8C06BFD8E8B9AAD96E47B1 /* MorningBoardView.swift */; };
		9540AD799BB488211D8CE6E5 /* ImageURLValidatorTests.swift in Sources */ = {isa = PBXBuildFile; fileRef = 8437F1A37C385BAC2AE3677E /* ImageURLValidatorTests.swift */; };
		96C65521BE778AD5B16AC7F6 /* PaymentsServiceModelTests.swift in Sources */ = {isa = PBXBuildFile; fileRef = 0CE75C8A6318309AA0B9C9FE /* PaymentsServiceModelTests.swift */; };
		96FC44B9DEA7858F0ED5A2B0 /* MorningBoard.swift in Sources */ = {isa = PBXBuildFile; fileRef = F6FBB3EB67076F070005DB38 /* MorningBoard.swift */; };
		99A2F8172F28BA91A525D238 /* AuthService.swift in Sources */ = {isa = PBXBuildFile; fileRef = BE9B6823C2C38656FC4E0D5D /* AuthService.swift */; };
		9A61C6F6ECFEBFC693957BE8 /* GSTReportExporterTests.swift in Sources */ = {isa = PBXBuildFile; fileRef = B7310374FF5322D321637748 /* GSTReportExporterTests.swift */; };
		9D4DF386C70BBD9531103853 /* AlterationsSectionView.swift in Sources */ = {isa = PBXBuildFile; fileRef = 576D4A8FE13B65032686ECDD /* AlterationsSectionView.swift */; };
		9DC4D33E1D65C76113EFFF57 /* EventsService.swift in Sources */ = {isa = PBXBuildFile; fileRef = C88C68FCBDD5361E5592DB5A /* EventsService.swift */; };
		9DF7B1C1EB2F459A1248DF4F /* StaffRoleSection.swift in Sources */ = {isa = PBXBuildFile; fileRef = 1859721413D28410B31C70AA /* StaffRoleSection.swift */; };
		A327DCAE4A1F9CEE7BAB3240 /* RootView.swift in Sources */ = {isa = PBXBuildFile; fileRef = 0C3B8F4DAA8944A162925136 /* RootView.swift */; };
		A46DD4170D5B99FDF7999675 /* RenderView.swift in Sources */ = {isa = PBXBuildFile; fileRef = 4551D6EF99333ED60155F040 /* RenderView.swift */; };
		A57C33986D5066343B805401 /* CustomersService.swift in Sources */ = {isa = PBXBuildFile; fileRef = 261C703C9FEECA7301EE7CF9 /* CustomersService.swift */; };
		A7B120815ADD4F32F14389E6 /* Secrets.xcconfig.example in Resources */ = {isa = PBXBuildFile; fileRef = D11423D34A4D601FC3CAC605 /* Secrets.xcconfig.example */; };
		A94D4F4D659D6F2EB37B01F8 /* JobCardComposerView.swift in Sources */ = {isa = PBXBuildFile; fileRef = EBC9DBA55BD1E48E3F1FEB6A /* JobCardComposerView.swift */; };
		AF040A10F7028EA9FEB57E77 /* PinHasherTests.swift in Sources */ = {isa = PBXBuildFile; fileRef = 1A55FCCBBA84C05FC08D5189 /* PinHasherTests.swift */; };
		B1E7A5ED2A56B43F13A7A0E1 /* OrderCreateView.swift in Sources */ = {isa = PBXBuildFile; fileRef = B38BBCF4DB447E22829528F7 /* OrderCreateView.swift */; };
		B1FE678C9DC5551C5081795A /* CustomerTimelineEventStyling.swift in Sources */ = {isa = PBXBuildFile; fileRef = E5B6AE141D1CE0FBA708766E /* CustomerTimelineEventStyling.swift */; };
		B4C9DBDE270D8246411DDE64 /* DesignDetailView.swift in Sources */ = {isa = PBXBuildFile; fileRef = 67B75DFF054FA21FD73C7334 /* DesignDetailView.swift */; };
		B4F0016F512542D8A62182EE /* Boutique360App.swift in Sources */ = {isa = PBXBuildFile; fileRef = 89EC55AD960A6888307EF31B /* Boutique360App.swift */; };
		B53F893B4D7B30AD51D86080 /* PinPolicyTests.swift in Sources */ = {isa = PBXBuildFile; fileRef = 759A9B1690B1D7515CF68EBC /* PinPolicyTests.swift */; };
		B9F3B021F82FEA27F45A0870 /* InquiryFormView.swift in Sources */ = {isa = PBXBuildFile; fileRef = 643AE0A8C4538C9A0A664750 /* InquiryFormView.swift */; };
		BB0F20D56721EB3C8110B0C4 /* DesignTokensTests.swift in Sources */ = {isa = PBXBuildFile; fileRef = D159301960E73FAF6E4C90F8 /* DesignTokensTests.swift */; };
		BC17F7673EF1E9CAC74FBFB6 /* OrderLocksService.swift in Sources */ = {isa = PBXBuildFile; fileRef = D9F0A0BBEBCB4D0F056E1F99 /* OrderLocksService.swift */; };
		BD166544FC31E672D764DE35 /* StorageService.swift in Sources */ = {isa = PBXBuildFile; fileRef = 7042FB90D8CA3275DF9AB71E /* StorageService.swift */; };
		BEEC95627D524D70A2F0A8DF /* MeasurementsService.swift in Sources */ = {isa = PBXBuildFile; fileRef = CE3336CD32DB2D3CCF28EF5F /* MeasurementsService.swift */; };
		C16025CE36C54E969C411784 /* SupabaseService.swift in Sources */ = {isa = PBXBuildFile; fileRef = 745AFC98ADFD99D1BFBED28F /* SupabaseService.swift */; };
		C22890C38404872D7186A2EE /* ReminderDraftsTests.swift in Sources */ = {isa = PBXBuildFile; fileRef = FC35D4D2ACEA2B8D129A0F4D /* ReminderDraftsTests.swift */; };
		C3CACA179A86BF2EF3EA736C /* GSTINValidator.swift in Sources */ = {isa = PBXBuildFile; fileRef = BB01486DAEC142C4097E3822 /* GSTINValidator.swift */; };
		C8E2551C217BFF528F3ED4CA /* Config.swift in Sources */ = {isa = PBXBuildFile; fileRef = 7B5D169D90967E0A6EC89F9B /* Config.swift */; };
		C91333D7F51F39AA7CC606D4 /* RolePolicy.swift in Sources */ = {isa = PBXBuildFile; fileRef = FD6B90527760DDBDA506EC66 /* RolePolicy.swift */; };
		CA7A8FD6F054BB00F00EBC09 /* Supabase in Frameworks */ = {isa = PBXBuildFile; productRef = 6FE16090EB97CBE5A71BBAC7 /* Supabase */; };
		CBECB3C52F690A0BA9B6F2DF /* RemindersService.swift in Sources */ = {isa = PBXBuildFile; fileRef = C1B8B311865FE7C138D7A723 /* RemindersService.swift */; };
		CC587B49D585BB3C46D21B0C /* Measurement.swift in Sources */ = {isa = PBXBuildFile; fileRef = FCC52E91DEA4DD15C24EAA01 /* Measurement.swift */; };
		CC880316E58BB3BD3CBC5850 /* OrdersService.swift in Sources */ = {isa = PBXBuildFile; fileRef = 85CEA55E43BC3648A39E1849 /* OrdersService.swift */; };
		CD1D3D6C3D8616DE6F369D08 /* AppointmentFormView.swift in Sources */ = {isa = PBXBuildFile; fileRef = 17DBAF1C0E4D8E2F5346AC65 /* AppointmentFormView.swift */; };
		CEBD1121A8E76DEEE0AD9306 /* ReminderDrafts.swift in Sources */ = {isa = PBXBuildFile; fileRef = E56BB3C26720D2D030C8F24E /* ReminderDrafts.swift */; };
		CF619D1BA6A79B2CEBED4A3D /* InvoicePDFGenerator.swift in Sources */ = {isa = PBXBuildFile; fileRef = E96BC2A0EE59D1E6860B3587 /* InvoicePDFGenerator.swift */; };
		D3A1035B25F04968CB373AB9 /* JobCardsService.swift in Sources */ = {isa = PBXBuildFile; fileRef = F2C5E3128DEEB781A8374FAA /* JobCardsService.swift */; };
		D49FD1F5C9148B9E3BB42A10 /* ImageInputPicker.swift in Sources */ = {isa = PBXBuildFile; fileRef = EE00060E9A0163F499E59AB9 /* ImageInputPicker.swift */; };
		D4B8B3D52DDA61929077A0D3 /* PaymentsSectionView.swift in Sources */ = {isa = PBXBuildFile; fileRef = 596812C9E451E4F67282DEE2 /* PaymentsSectionView.swift */; };
		D5C75A09B2E8609D5A23FC13 /* CustomerLinkSheet.swift in Sources */ = {isa = PBXBuildFile; fileRef = 911FDCEE8BF5173C9528C2E7 /* CustomerLinkSheet.swift */; };
		D6A9DD77E5F0F608956D9AC8 /* PinEntrySheet.swift in Sources */ = {isa = PBXBuildFile; fileRef = B51537B01691BFC84E3A6E3A /* PinEntrySheet.swift */; };
		D74F92B0DD307B8704982DB9 /* Customer.swift in Sources */ = {isa = PBXBuildFile; fileRef = 523DA0A5E070A5E8B5D07DB0 /* Customer.swift */; };
		D8D0B3C1D796238425E736FE /* TwilioClient.swift in Sources */ = {isa = PBXBuildFile; fileRef = 224519E2F741ABBA0D3090E8 /* TwilioClient.swift */; };
		DB2BEDA4DA670597B9138AC5 /* JobCardEventsService.swift in Sources */ = {isa = PBXBuildFile; fileRef = 579590890B7FE39510E4E3F1 /* JobCardEventsService.swift */; };
		DB750B47E2B4AA19875E1C20 /* RazorpayClient.swift in Sources */ = {isa = PBXBuildFile; fileRef = C71EA4A6ACE6BB46179437D6 /* RazorpayClient.swift */; };
		DC3DDC6F8EAB9563B8862E49 /* DesignTokens.swift in Sources */ = {isa = PBXBuildFile; fileRef = FCDDEB6EF95DEBA783A69D77 /* DesignTokens.swift */; };
		DE3FBD723F5E1CDF0852F2A4 /* InquiriesService.swift in Sources */ = {isa = PBXBuildFile; fileRef = 86A7D5B291D442D4A0D6AE5C /* InquiriesService.swift */; };
		DEEB7B37D7B0BFBA7B56FD1E /* AppEvents.swift in Sources */ = {isa = PBXBuildFile; fileRef = 78511745DEAA05544D97B302 /* AppEvents.swift */; };
		E0412F55188A0FF4475C2036 /* Inquiry.swift in Sources */ = {isa = PBXBuildFile; fileRef = BBD8CB81E253099B4832AE9F /* Inquiry.swift */; };
		E45C9C739519EAA82EB468FC /* BoutiqueContext.swift in Sources */ = {isa = PBXBuildFile; fileRef = 5AC3CD27F4688007BB2AF109 /* BoutiqueContext.swift */; };
		E7C1AF9721B7DB4DD20C5E54 /* PinPolicy.swift in Sources */ = {isa = PBXBuildFile; fileRef = 39D0CEF21798BEF3D283CB8C /* PinPolicy.swift */; };
		E8786C1202C49600500E0930 /* LockSheet.swift in Sources */ = {isa = PBXBuildFile; fileRef = EA0C355C19CCF5E544B3F597 /* LockSheet.swift */; };
		E8B6DE3121AB658DAECB34BB /* DashboardView.swift in Sources */ = {isa = PBXBuildFile; fileRef = 98D3635D547A3831FD95F341 /* DashboardView.swift */; };
		EDCFBBA44E275A13BB718494 /* TwilioNormalizeTests.swift in Sources */ = {isa = PBXBuildFile; fileRef = EE48B5A70951F6D5B3A94BD6 /* TwilioNormalizeTests.swift */; };
		EF11BCC61697AB0FDF85CD8F /* CustomerTimelineEvent.swift in Sources */ = {isa = PBXBuildFile; fileRef = 527CCCBA1350D9CD63BBC5B1 /* CustomerTimelineEvent.swift */; };
		F24279E4E45E18AA2EF22BBD /* DesignFormView.swift in Sources */ = {isa = PBXBuildFile; fileRef = 2F5036E60A9CF0E902B748A6 /* DesignFormView.swift */; };
		F3D19282A5CB25C5B8504DE3 /* OrderSlackTests.swift in Sources */ = {isa = PBXBuildFile; fileRef = A0C8C90A6AF6F34265D74C8A /* OrderSlackTests.swift */; };
		F695085560EA4AE665ED9BE1 /* DesignRender.swift in Sources */ = {isa = PBXBuildFile; fileRef = 020C0D415830E4E07318D617 /* DesignRender.swift */; };
		F7E3CFCEA293C90706B1176B /* LockSummarySheet.swift in Sources */ = {isa = PBXBuildFile; fileRef = 05BB653B5E8BE96C70A1EB5A /* LockSummarySheet.swift */; };
		F887BC93E72781523EFFAE33 /* FormattersTests.swift in Sources */ = {isa = PBXBuildFile; fileRef = CB11699DBDFE3D9332639D6A /* FormattersTests.swift */; };
		FB6A57F56D7F4CD2CD065E58 /* InquiriesListView.swift in Sources */ = {isa = PBXBuildFile; fileRef = C2991DA02D3E5617685B8D3F /* InquiriesListView.swift */; };
		FFDB22488D6F4C3B7BFEA451 /* StatusMachineTests.swift in Sources */ = {isa = PBXBuildFile; fileRef = 2184A70D6ED04D46C8289F81 /* StatusMachineTests.swift */; };
/* End PBXBuildFile section */

/* Begin PBXContainerItemProxy section */
		8B54BAFD5F76D4C5D9028174 /* PBXContainerItemProxy */ = {
			isa = PBXContainerItemProxy;
			containerPortal = D29EB973534641DE52A3D564 /* Project object */;
			proxyType = 1;
			remoteGlobalIDString = 2924B8D3E2FA404E722450F6;
			remoteInfo = Boutique360;
		};
/* End PBXContainerItemProxy section */

/* Begin PBXFileReference section */
		00692156B845A7BDFB655E60 /* Boutique360.entitlements */ = {isa = PBXFileReference; lastKnownFileType = text.plist.entitlements; path = Boutique360.entitlements; sourceTree = "<group>"; };
		020C0D415830E4E07318D617 /* DesignRender.swift */ = {isa = PBXFileReference; lastKnownFileType = sourcecode.swift; path = DesignRender.swift; sourceTree = "<group>"; };
		05BB653B5E8BE96C70A1EB5A /* LockSummarySheet.swift */ = {isa = PBXFileReference; lastKnownFileType = sourcecode.swift; path = LockSummarySheet.swift; sourceTree = "<group>"; };
		0930E86CFA3C99E14B5DE528 /* Info.plist */ = {isa = PBXFileReference; lastKnownFileType = text.plist; path = Info.plist; sourceTree = "<group>"; };
		0AB14826B981C515F7BD3830 /* CustomerImportServiceTests.swift */ = {isa = PBXFileReference; lastKnownFileType = sourcecode.swift; path = CustomerImportServiceTests.swift; sourceTree = "<group>"; };
		0BF947ADCF9CBE3A06D5C8C5 /* SettingsView.swift */ = {isa = PBXFileReference; lastKnownFileType = sourcecode.swift; path = SettingsView.swift; sourceTree = "<group>"; };
		0C3B8F4DAA8944A162925136 /* RootView.swift */ = {isa = PBXFileReference; lastKnownFileType = sourcecode.swift; path = RootView.swift; sourceTree = "<group>"; };
		0CB67444A39A9A8225D475C2 /* PaymentsService.swift */ = {isa = PBXFileReference; lastKnownFileType = sourcecode.swift; path = PaymentsService.swift; sourceTree = "<group>"; };
		0CE75C8A6318309AA0B9C9FE /* PaymentsServiceModelTests.swift */ = {isa = PBXFileReference; lastKnownFileType = sourcecode.swift; path = PaymentsServiceModelTests.swift; sourceTree = "<group>"; };
		0E35FAAA1DE3580CE4CA2368 /* CustomerDetailView.swift */ = {isa = PBXFileReference; lastKnownFileType = sourcecode.swift; path = CustomerDetailView.swift; sourceTree = "<group>"; };
		1193F2DBDD7D7A3B072038DD /* CustomerImportService.swift */ = {isa = PBXFileReference; lastKnownFileType = sourcecode.swift; path = CustomerImportService.swift; sourceTree = "<group>"; };
		12931A2B737AEDEA26887CB2 /* Order.swift */ = {isa = PBXFileReference; lastKnownFileType = sourcecode.swift; path = Order.swift; sourceTree = "<group>"; };
		139CE97A5567827938FE9C02 /* AICostMeter.swift */ = {isa = PBXFileReference; lastKnownFileType = sourcecode.swift; path = AICostMeter.swift; sourceTree = "<group>"; };
		13E7CE976CB5309E17FA5A7B /* CustomerProfilesService.swift */ = {isa = PBXFileReference; lastKnownFileType = sourcecode.swift; path = CustomerProfilesService.swift; sourceTree = "<group>"; };
		17DBAF1C0E4D8E2F5346AC65 /* AppointmentFormView.swift */ = {isa = PBXFileReference; lastKnownFileType = sourcecode.swift; path = AppointmentFormView.swift; sourceTree = "<group>"; };
		17F512EB1A6C0EED66341868 /* AlterationsService.swift */ = {isa = PBXFileReference; lastKnownFileType = sourcecode.swift; path = AlterationsService.swift; sourceTree = "<group>"; };
		1859721413D28410B31C70AA /* StaffRoleSection.swift */ = {isa = PBXFileReference; lastKnownFileType = sourcecode.swift; path = StaffRoleSection.swift; sourceTree = "<group>"; };
		1A55FCCBBA84C05FC08D5189 /* PinHasherTests.swift */ = {isa = PBXFileReference; lastKnownFileType = sourcecode.swift; path = PinHasherTests.swift; sourceTree = "<group>"; };
		1C449608F074290180B2B427 /* ErrorBus.swift */ = {isa = PBXFileReference; lastKnownFileType = sourcecode.swift; path = ErrorBus.swift; sourceTree = "<group>"; };
		1C814D6DDDC7AF446243A540 /* NotificationsService.swift */ = {isa = PBXFileReference; lastKnownFileType = sourcecode.swift; path = NotificationsService.swift; sourceTree = "<group>"; };
		1EE7AE14DC7655A5808B26EE /* CalendarView.swift */ = {isa = PBXFileReference; lastKnownFileType = sourcecode.swift; path = CalendarView.swift; sourceTree = "<group>"; };
		2184A70D6ED04D46C8289F81 /* StatusMachineTests.swift */ = {isa = PBXFileReference; lastKnownFileType = sourcecode.swift; path = StatusMachineTests.swift; sourceTree = "<group>"; };
		224519E2F741ABBA0D3090E8 /* TwilioClient.swift */ = {isa = PBXFileReference; lastKnownFileType = sourcecode.swift; path = TwilioClient.swift; sourceTree = "<group>"; };
		261C703C9FEECA7301EE7CF9 /* CustomersService.swift */ = {isa = PBXFileReference; lastKnownFileType = sourcecode.swift; path = CustomersService.swift; sourceTree = "<group>"; };
		2E0DFFF6CFE3EA0D869CBF30 /* GarmentTemplate.swift */ = {isa = PBXFileReference; lastKnownFileType = sourcecode.swift; path = GarmentTemplate.swift; sourceTree = "<group>"; };
		2F5036E60A9CF0E902B748A6 /* DesignFormView.swift */ = {isa = PBXFileReference; lastKnownFileType = sourcecode.swift; path = DesignFormView.swift; sourceTree = "<group>"; };
		35A188402BDB0D4379A39B2F /* JobCardPDFGenerator.swift */ = {isa = PBXFileReference; lastKnownFileType = sourcecode.swift; path = JobCardPDFGenerator.swift; sourceTree = "<group>"; };
		368E0430D424AD8B2D3BB7C5 /* CustomerProfile.swift */ = {isa = PBXFileReference; lastKnownFileType = sourcecode.swift; path = CustomerProfile.swift; sourceTree = "<group>"; };
		39D0CEF21798BEF3D283CB8C /* PinPolicy.swift */ = {isa = PBXFileReference; lastKnownFileType = sourcecode.swift; path = PinPolicy.swift; sourceTree = "<group>"; };
		3A61B87A34BA4C847248AA8D /* CustomersListView.swift */ = {isa = PBXFileReference; lastKnownFileType = sourcecode.swift; path = CustomersListView.swift; sourceTree = "<group>"; };
		3B00FCF5C94D1A41AFB521B6 /* Log.swift */ = {isa = PBXFileReference; lastKnownFileType = sourcecode.swift; path = Log.swift; sourceTree = "<group>"; };
		3F0D87EDD2AA39EE77BC40E5 /* OrderLock.swift */ = {isa = PBXFileReference; lastKnownFileType = sourcecode.swift; path = OrderLock.swift; sourceTree = "<group>"; };
		4251439734E8C843EE5AD349 /* InvoicePreviewView.swift */ = {isa = PBXFileReference; lastKnownFileType = sourcecode.swift; path = InvoicePreviewView.swift; sourceTree = "<group>"; };
		42B75FB38911DE4973558CCD /* OrderTimelineView.swift */ = {isa = PBXFileReference; lastKnownFileType = sourcecode.swift; path = OrderTimelineView.swift; sourceTree = "<group>"; };
		42C4CFDA669F1F48B1EC4C45 /* BoutiqueService.swift */ = {isa = PBXFileReference; lastKnownFileType = sourcecode.swift; path = BoutiqueService.swift; sourceTree = "<group>"; };
		4551D6EF99333ED60155F040 /* RenderView.swift */ = {isa = PBXFileReference; lastKnownFileType = sourcecode.swift; path = RenderView.swift; sourceTree = "<group>"; };
		45D48599DC88D52C76C53913 /* VirtualTryOnView.swift */ = {isa = PBXFileReference; lastKnownFileType = sourcecode.swift; path = VirtualTryOnView.swift; sourceTree = "<group>"; };
		498791B4D1735BE393917F2E /* Formatters.swift */ = {isa = PBXFileReference; lastKnownFileType = sourcecode.swift; path = Formatters.swift; sourceTree = "<group>"; };
		49A663770C8356F1A66D0028 /* CustomerSpend.swift */ = {isa = PBXFileReference; lastKnownFileType = sourcecode.swift; path = CustomerSpend.swift; sourceTree = "<group>"; };
		4BD68DFCE40193478DFA3D1A /* DesignsService.swift */ = {isa = PBXFileReference; lastKnownFileType = sourcecode.swift; path = DesignsService.swift; sourceTree = "<group>"; };
		4D9B210FA66B4A290F6B8489 /* LockGate.swift */ = {isa = PBXFileReference; lastKnownFileType = sourcecode.swift; path = LockGate.swift; sourceTree = "<group>"; };
		523DA0A5E070A5E8B5D07DB0 /* Customer.swift */ = {isa = PBXFileReference; lastKnownFileType = sourcecode.swift; path = Customer.swift; sourceTree = "<group>"; };
		527CCCBA1350D9CD63BBC5B1 /* CustomerTimelineEvent.swift */ = {isa = PBXFileReference; lastKnownFileType = sourcecode.swift; path = CustomerTimelineEvent.swift; sourceTree = "<group>"; };
		531B614F104FBB0C1B8F63D6 /* DesignsListView.swift */ = {isa = PBXFileReference; lastKnownFileType = sourcecode.swift; path = DesignsListView.swift; sourceTree = "<group>"; };
		562812B13F7D90510B109E44 /* AppShellView.swift */ = {isa = PBXFileReference; lastKnownFileType = sourcecode.swift; path = AppShellView.swift; sourceTree = "<group>"; };
		576D4A8FE13B65032686ECDD /* AlterationsSectionView.swift */ = {isa = PBXFileReference; lastKnownFileType = sourcecode.swift; path = AlterationsSectionView.swift; sourceTree = "<group>"; };
		579590890B7FE39510E4E3F1 /* JobCardEventsService.swift */ = {isa = PBXFileReference; lastKnownFileType = sourcecode.swift; path = JobCardEventsService.swift; sourceTree = "<group>"; };
		596812C9E451E4F67282DEE2 /* PaymentsSectionView.swift */ = {isa = PBXFileReference; lastKnownFileType = sourcecode.swift; path = PaymentsSectionView.swift; sourceTree = "<group>"; };
		5973CEB0663435B0AC5A175A /* CustomerSpendSummaryView.swift */ = {isa = PBXFileReference; lastKnownFileType = sourcecode.swift; path = CustomerSpendSummaryView.swift; sourceTree = "<group>"; };
		5AC3CD27F4688007BB2AF109 /* BoutiqueContext.swift */ = {isa = PBXFileReference; lastKnownFileType = sourcecode.swift; path = BoutiqueContext.swift; sourceTree = "<group>"; };
		62698AE8EF9998C8AFC44AFE /* CustomerFormView.swift */ = {isa = PBXFileReference; lastKnownFileType = sourcecode.swift; path = CustomerFormView.swift; sourceTree = "<group>"; };
		643AE0A8C4538C9A0A664750 /* InquiryFormView.swift */ = {isa = PBXFileReference; lastKnownFileType = sourcecode.swift; path = InquiryFormView.swift; sourceTree = "<group>"; };
		6669C7AA8782C9C2119D0FA0 /* Boutique360Tests.xctest */ = {isa = PBXFileReference; includeInIndex = 0; lastKnownFileType = wrapper.cfbundle; path = Boutique360Tests.xctest; sourceTree = BUILT_PRODUCTS_DIR; };
		67B75DFF054FA21FD73C7334 /* DesignDetailView.swift */ = {isa = PBXFileReference; lastKnownFileType = sourcecode.swift; path = DesignDetailView.swift; sourceTree = "<group>"; };
		68664C979D4DCA261430B1B2 /* LockGateTests.swift */ = {isa = PBXFileReference; lastKnownFileType = sourcecode.swift; path = LockGateTests.swift; sourceTree = "<group>"; };
		6E6566F16DD7D66E5D1755FE /* WhatsAppShareHelper.swift */ = {isa = PBXFileReference; lastKnownFileType = sourcecode.swift; path = WhatsAppShareHelper.swift; sourceTree = "<group>"; };
		7042FB90D8CA3275DF9AB71E /* StorageService.swift */ = {isa = PBXFileReference; lastKnownFileType = sourcecode.swift; path = StorageService.swift; sourceTree = "<group>"; };
		745AFC98ADFD99D1BFBED28F /* SupabaseService.swift */ = {isa = PBXFileReference; lastKnownFileType = sourcecode.swift; path = SupabaseService.swift; sourceTree = "<group>"; };
		759A9B1690B1D7515CF68EBC /* PinPolicyTests.swift */ = {isa = PBXFileReference; lastKnownFileType = sourcecode.swift; path = PinPolicyTests.swift; sourceTree = "<group>"; };
		782BC2A1A41161423583B0FA /* PinHasher.swift */ = {isa = PBXFileReference; lastKnownFileType = sourcecode.swift; path = PinHasher.swift; sourceTree = "<group>"; };
		78511745DEAA05544D97B302 /* AppEvents.swift */ = {isa = PBXFileReference; lastKnownFileType = sourcecode.swift; path = AppEvents.swift; sourceTree = "<group>"; };
		789DE6A8A8FAB2334510972E /* Boutique.swift */ = {isa = PBXFileReference; lastKnownFileType = sourcecode.swift; path = Boutique.swift; sourceTree = "<group>"; };
		794FBB04EB0EE2D819A44205 /* ModelDecodingTests.swift */ = {isa = PBXFileReference; lastKnownFileType = sourcecode.swift; path = ModelDecodingTests.swift; sourceTree = "<group>"; };
		7A3C298A5F658C09E577D6FC /* ReferenceStudioView.swift */ = {isa = PBXFileReference; lastKnownFileType = sourcecode.swift; path = ReferenceStudioView.swift; sourceTree = "<group>"; };
		7B5D169D90967E0A6EC89F9B /* Config.swift */ = {isa = PBXFileReference; lastKnownFileType = sourcecode.swift; path = Config.swift; sourceTree = "<group>"; };
		7F2E1320084D3C6F4A716C4E /* KeychainStore.swift */ = {isa = PBXFileReference; lastKnownFileType = sourcecode.swift; path = KeychainStore.swift; sourceTree = "<group>"; };
		809AB65E410865D605DD1486 /* CustomerStyleProfileView.swift */ = {isa = PBXFileReference; lastKnownFileType = sourcecode.swift; path = CustomerStyleProfileView.swift; sourceTree = "<group>"; };
		820B25C7EC953FF321AA3A9D /* JobCard.swift */ = {isa = PBXFileReference; lastKnownFileType = sourcecode.swift; path = JobCard.swift; sourceTree = "<group>"; };
		827FDFBB02BB23FC704F45B6 /* GSTReportExporter.swift */ = {isa = PBXFileReference; lastKnownFileType = sourcecode.swift; path = GSTReportExporter.swift; sourceTree = "<group>"; };
		8437F1A37C385BAC2AE3677E /* ImageURLValidatorTests.swift */ = {isa = PBXFileReference; lastKnownFileType = sourcecode.swift; path = ImageURLValidatorTests.swift; sourceTree = "<group>"; };
		845EE245EB7CFC98E6E1253F /* DesignRendersService.swift */ = {isa = PBXFileReference; lastKnownFileType = sourcecode.swift; path = DesignRendersService.swift; sourceTree = "<group>"; };
		85CEA55E43BC3648A39E1849 /* OrdersService.swift */ = {isa = PBXFileReference; lastKnownFileType = sourcecode.swift; path = OrdersService.swift; sourceTree = "<group>"; };
		86A7D5B291D442D4A0D6AE5C /* InquiriesService.swift */ = {isa = PBXFileReference; lastKnownFileType = sourcecode.swift; path = InquiriesService.swift; sourceTree = "<group>"; };
		89EC55AD960A6888307EF31B /* Boutique360App.swift */ = {isa = PBXFileReference; lastKnownFileType = sourcecode.swift; path = Boutique360App.swift; sourceTree = "<group>"; };
		8A49934CCE69186D66047F49 /* MorningBoardTests.swift */ = {isa = PBXFileReference; lastKnownFileType = sourcecode.swift; path = MorningBoardTests.swift; sourceTree = "<group>"; };
		8A9D3F4F4226B8D309CCE16B /* Secrets.xcconfig */ = {isa = PBXFileReference; lastKnownFileType = text.xcconfig; path = Secrets.xcconfig; sourceTree = "<group>"; };
		8D863245ED5ACE74EB5C9AB8 /* Assets.xcassets */ = {isa = PBXFileReference; lastKnownFileType = folder.assetcatalog; path = Assets.xcassets; sourceTree = "<group>"; };
		911FDCEE8BF5173C9528C2E7 /* CustomerLinkSheet.swift */ = {isa = PBXFileReference; lastKnownFileType = sourcecode.swift; path = CustomerLinkSheet.swift; sourceTree = "<group>"; };
		93025C03E14A1542CC2A5238 /* Env.xcconfig */ = {isa = PBXFileReference; lastKnownFileType = text.xcconfig; path = Env.xcconfig; sourceTree = "<group>"; };
		93794B16F0C3102D8AB87332 /* CustomerTimelineEventTests.swift */ = {isa = PBXFileReference; lastKnownFileType = sourcecode.swift; path = CustomerTimelineEventTests.swift; sourceTree = "<group>"; };
		987D12913C4653631A3DEF0D /* RemindersSectionView.swift */ = {isa = PBXFileReference; lastKnownFileType = sourcecode.swift; path = RemindersSectionView.swift; sourceTree = "<group>"; };
		98D3635D547A3831FD95F341 /* DashboardView.swift */ = {isa = PBXFileReference; lastKnownFileType = sourcecode.swift; path = DashboardView.swift; sourceTree = "<group>"; };
		9A023D2A9519853B5691FF65 /* CustomerNotifier.swift */ = {isa = PBXFileReference; lastKnownFileType = sourcecode.swift; path = CustomerNotifier.swift; sourceTree = "<group>"; };
		9A35A89FB3A8A1E2ADD1A999 /* SketchCanvasView.swift */ = {isa = PBXFileReference; lastKnownFileType = sourcecode.swift; path = SketchCanvasView.swift; sourceTree = "<group>"; };
		9A5B792D337D3CC5CDD8D3F5 /* ImportantDatesListView.swift */ = {isa = PBXFileReference; lastKnownFileType = sourcecode.swift; path = ImportantDatesListView.swift; sourceTree = "<group>"; };
		A0598C196A691999052AF60B /* Appointment.swift */ = {isa = PBXFileReference; lastKnownFileType = sourcecode.swift; path = Appointment.swift; sourceTree = "<group>"; };
		A0C8C90A6AF6F34265D74C8A /* OrderSlackTests.swift */ = {isa = PBXFileReference; lastKnownFileType = sourcecode.swift; path = OrderSlackTests.swift; sourceTree = "<group>"; };
		A1DFFBBD1FFE1E5F1709949A /* ErrorBusTests.swift */ = {isa = PBXFileReference; lastKnownFileType = sourcecode.swift; path = ErrorBusTests.swift; sourceTree = "<group>"; };
		A2AB779DCC412E6489076985 /* AppointmentsService.swift */ = {isa = PBXFileReference; lastKnownFileType = sourcecode.swift; path = AppointmentsService.swift; sourceTree = "<group>"; };
		A7419FD8CFB36BD15950E398 /* CustomerSpendTests.swift */ = {isa = PBXFileReference; lastKnownFileType = sourcecode.swift; path = CustomerSpendTests.swift; sourceTree = "<group>"; };
		ACA9CD6936DFD9F296D13514 /* ImportantDatesService.swift */ = {isa = PBXFileReference; lastKnownFileType = sourcecode.swift; path = ImportantDatesService.swift; sourceTree = "<group>"; };
		B1B2B36D2550F269C7C0C5A8 /* SlackBadge.swift */ = {isa = PBXFileReference; lastKnownFileType = sourcecode.swift; path = SlackBadge.swift; sourceTree = "<group>"; };
		B1F60CDE5F862531B6D46BFD /* RolePolicyTests.swift */ = {isa = PBXFileReference; lastKnownFileType = sourcecode.swift; path = RolePolicyTests.swift; sourceTree = "<group>"; };
		B2D42D75CCEE8F362E9D8426 /* JobCardPreviewView.swift */ = {isa = PBXFileReference; lastKnownFileType = sourcecode.swift; path = JobCardPreviewView.swift; sourceTree = "<group>"; };
		B38BBCF4DB447E22829528F7 /* OrderCreateView.swift */ = {isa = PBXFileReference; lastKnownFileType = sourcecode.swift; path = OrderCreateView.swift; sourceTree = "<group>"; };
		B3BC2DAB9F3A9E15EE732231 /* Design.swift */ = {isa = PBXFileReference; lastKnownFileType = sourcecode.swift; path = Design.swift; sourceTree = "<group>"; };
		B51537B01691BFC84E3A6E3A /* PinEntrySheet.swift */ = {isa = PBXFileReference; lastKnownFileType = sourcecode.swift; path = PinEntrySheet.swift; sourceTree = "<group>"; };
		B51B9B78A325D13321B07EE6 /* MoneyTests.swift */ = {isa = PBXFileReference; lastKnownFileType = sourcecode.swift; path = MoneyTests.swift; sourceTree = "<group>"; };
		B65938960FE851593B10AD49 /* OrderSlack.swift */ = {isa = PBXFileReference; lastKnownFileType = sourcecode.swift; path = OrderSlack.swift; sourceTree = "<group>"; };
		B7310374FF5322D321637748 /* GSTReportExporterTests.swift */ = {isa = PBXFileReference; lastKnownFileType = sourcecode.swift; path = GSTReportExporterTests.swift; sourceTree = "<group>"; };
		B81CC7E069E03AA8A08C0491 /* CustomerTimelineService.swift */ = {isa = PBXFileReference; lastKnownFileType = sourcecode.swift; path = CustomerTimelineService.swift; sourceTree = "<group>"; };
		BB01486DAEC142C4097E3822 /* GSTINValidator.swift */ = {isa = PBXFileReference; lastKnownFileType = sourcecode.swift; path = GSTINValidator.swift; sourceTree = "<group>"; };
		BBD8CB81E253099B4832AE9F /* Inquiry.swift */ = {isa = PBXFileReference; lastKnownFileType = sourcecode.swift; path = Inquiry.swift; sourceTree = "<group>"; };
		BD8EEE2A09A3DFE5D56E8C1C /* GSTINValidatorTests.swift */ = {isa = PBXFileReference; lastKnownFileType = sourcecode.swift; path = GSTINValidatorTests.swift; sourceTree = "<group>"; };
		BE8C06BFD8E8B9AAD96E47B1 /* MorningBoardView.swift */ = {isa = PBXFileReference; lastKnownFileType = sourcecode.swift; path = MorningBoardView.swift; sourceTree = "<group>"; };
		BE9B6823C2C38656FC4E0D5D /* AuthService.swift */ = {isa = PBXFileReference; lastKnownFileType = sourcecode.swift; path = AuthService.swift; sourceTree = "<group>"; };
		BF745E6724DE0A69610EC6FE /* SignInView.swift */ = {isa = PBXFileReference; lastKnownFileType = sourcecode.swift; path = SignInView.swift; sourceTree = "<group>"; };
		C1B8B311865FE7C138D7A723 /* RemindersService.swift */ = {isa = PBXFileReference; lastKnownFileType = sourcecode.swift; path = RemindersService.swift; sourceTree = "<group>"; };
		C2991DA02D3E5617685B8D3F /* InquiriesListView.swift */ = {isa = PBXFileReference; lastKnownFileType = sourcecode.swift; path = InquiriesListView.swift; sourceTree = "<group>"; };
		C33B3B4DCF4C747688BBF407 /* Boutique360.app */ = {isa = PBXFileReference; includeInIndex = 0; lastKnownFileType = wrapper.application; path = Boutique360.app; sourceTree = BUILT_PRODUCTS_DIR; };
		C71EA4A6ACE6BB46179437D6 /* RazorpayClient.swift */ = {isa = PBXFileReference; lastKnownFileType = sourcecode.swift; path = RazorpayClient.swift; sourceTree = "<group>"; };
		C88C68FCBDD5361E5592DB5A /* EventsService.swift */ = {isa = PBXFileReference; lastKnownFileType = sourcecode.swift; path = EventsService.swift; sourceTree = "<group>"; };
		C97BB0D1E591FD5933A287C0 /* GeminiService.swift */ = {isa = PBXFileReference; lastKnownFileType = sourcecode.swift; path = GeminiService.swift; sourceTree = "<group>"; };
		CAAD7B1458C3EE3EFBAA1C5A /* SendGridClient.swift */ = {isa = PBXFileReference; lastKnownFileType = sourcecode.swift; path = SendGridClient.swift; sourceTree = "<group>"; };
		CB11699DBDFE3D9332639D6A /* FormattersTests.swift */ = {isa = PBXFileReference; lastKnownFileType = sourcecode.swift; path = FormattersTests.swift; sourceTree = "<group>"; };
		CE3336CD32DB2D3CCF28EF5F /* MeasurementsService.swift */ = {isa = PBXFileReference; lastKnownFileType = sourcecode.swift; path = MeasurementsService.swift; sourceTree = "<group>"; };
		D11423D34A4D601FC3CAC605 /* Secrets.xcconfig.example */ = {isa = PBXFileReference; path = Secrets.xcconfig.example; sourceTree = "<group>"; };
		D159301960E73FAF6E4C90F8 /* DesignTokensTests.swift */ = {isa = PBXFileReference; lastKnownFileType = sourcecode.swift; path = DesignTokensTests.swift; sourceTree = "<group>"; };
		D9BFC7650136A2BB654FC04E /* WhatsAppShareHelperTests.swift */ = {isa = PBXFileReference; lastKnownFileType = sourcecode.swift; path = WhatsAppShareHelperTests.swift; sourceTree = "<group>"; };
		D9F0A0BBEBCB4D0F056E1F99 /* OrderLocksService.swift */ = {isa = PBXFileReference; lastKnownFileType = sourcecode.swift; path = OrderLocksService.swift; sourceTree = "<group>"; };
		DA29427CF5F8C65947177AB4 /* MeasurementFormView.swift */ = {isa = PBXFileReference; lastKnownFileType = sourcecode.swift; path = MeasurementFormView.swift; sourceTree = "<group>"; };
		DB82B2C0DAF757B5B37CC1C4 /* ReferencePromptTests.swift */ = {isa = PBXFileReference; lastKnownFileType = sourcecode.swift; path = ReferencePromptTests.swift; sourceTree = "<group>"; };
		E18ED923174A4F69A02A4C12 /* ConfigTests.swift */ = {isa = PBXFileReference; lastKnownFileType = sourcecode.swift; path = ConfigTests.swift; sourceTree = "<group>"; };
		E56BB3C26720D2D030C8F24E /* ReminderDrafts.swift */ = {isa = PBXFileReference; lastKnownFileType = sourcecode.swift; path = ReminderDrafts.swift; sourceTree = "<group>"; };
		E5B6AE141D1CE0FBA708766E /* CustomerTimelineEventStyling.swift */ = {isa = PBXFileReference; lastKnownFileType = sourcecode.swift; path = CustomerTimelineEventStyling.swift; sourceTree = "<group>"; };
		E62D7FAC992BCFA6EEE2E5BB /* EnumDecodingTests.swift */ = {isa = PBXFileReference; lastKnownFileType = sourcecode.swift; path = EnumDecodingTests.swift; sourceTree = "<group>"; };
		E6C019879B1A0DF3D6BDBE1B /* OrderDetailView.swift */ = {isa = PBXFileReference; lastKnownFileType = sourcecode.swift; path = OrderDetailView.swift; sourceTree = "<group>"; };
		E96BC2A0EE59D1E6860B3587 /* InvoicePDFGenerator.swift */ = {isa = PBXFileReference; lastKnownFileType = sourcecode.swift; path = InvoicePDFGenerator.swift; sourceTree = "<group>"; };
		EA0C355C19CCF5E544B3F597 /* LockSheet.swift */ = {isa = PBXFileReference; lastKnownFileType = sourcecode.swift; path = LockSheet.swift; sourceTree = "<group>"; };
		EA939AF6FDAEA79E2EF27E39 /* Alteration.swift */ = {isa = PBXFileReference; lastKnownFileType = sourcecode.swift; path = Alteration.swift; sourceTree = "<group>"; };
		EBC9DBA55BD1E48E3F1FEB6A /* JobCardComposerView.swift */ = {isa = PBXFileReference; lastKnownFileType = sourcecode.swift; path = JobCardComposerView.swift; sourceTree = "<group>"; };
		EE00060E9A0163F499E59AB9 /* ImageInputPicker.swift */ = {isa = PBXFileReference; lastKnownFileType = sourcecode.swift; path = ImageInputPicker.swift; sourceTree = "<group>"; };
		EE48B5A70951F6D5B3A94BD6 /* TwilioNormalizeTests.swift */ = {isa = PBXFileReference; lastKnownFileType = sourcecode.swift; path = TwilioNormalizeTests.swift; sourceTree = "<group>"; };
		F130C3CAE3C4C1B689BC7C7C /* StaffRoleContext.swift */ = {isa = PBXFileReference; lastKnownFileType = sourcecode.swift; path = StaffRoleContext.swift; sourceTree = "<group>"; };
		F2C5E3128DEEB781A8374FAA /* JobCardsService.swift */ = {isa = PBXFileReference; lastKnownFileType = sourcecode.swift; path = JobCardsService.swift; sourceTree = "<group>"; };
		F6FBB3EB67076F070005DB38 /* MorningBoard.swift */ = {isa = PBXFileReference; lastKnownFileType = sourcecode.swift; path = MorningBoard.swift; sourceTree = "<group>"; };
		FAE7418F4C807687DFC3BEFD /* OrdersListView.swift */ = {isa = PBXFileReference; lastKnownFileType = sourcecode.swift; path = OrdersListView.swift; sourceTree = "<group>"; };
		FC35D4D2ACEA2B8D129A0F4D /* ReminderDraftsTests.swift */ = {isa = PBXFileReference; lastKnownFileType = sourcecode.swift; path = ReminderDraftsTests.swift; sourceTree = "<group>"; };
		FC73C87086D30EB4B20BEB12 /* StyleSuggestionsSheet.swift */ = {isa = PBXFileReference; lastKnownFileType = sourcecode.swift; path = StyleSuggestionsSheet.swift; sourceTree = "<group>"; };
		FCA05E72225F45775FE60623 /* ImportantDateFormView.swift */ = {isa = PBXFileReference; lastKnownFileType = sourcecode.swift; path = ImportantDateFormView.swift; sourceTree = "<group>"; };
		FCC52E91DEA4DD15C24EAA01 /* Measurement.swift */ = {isa = PBXFileReference; lastKnownFileType = sourcecode.swift; path = Measurement.swift; sourceTree = "<group>"; };
		FCDDEB6EF95DEBA783A69D77 /* DesignTokens.swift */ = {isa = PBXFileReference; lastKnownFileType = sourcecode.swift; path = DesignTokens.swift; sourceTree = "<group>"; };
		FD6B90527760DDBDA506EC66 /* RolePolicy.swift */ = {isa = PBXFileReference; lastKnownFileType = sourcecode.swift; path = RolePolicy.swift; sourceTree = "<group>"; };
/* End PBXFileReference section */

/* Begin PBXFrameworksBuildPhase section */
		5F519E0A4AA9D8684D9AA7D1 /* Frameworks */ = {
			isa = PBXFrameworksBuildPhase;
			buildActionMask = 2147483647;
			files = (
				CA7A8FD6F054BB00F00EBC09 /* Supabase in Frameworks */,
			);
			runOnlyForDeploymentPostprocessing = 0;
		};
/* End PBXFrameworksBuildPhase section */

/* Begin PBXGroup section */
		005EAAF302FFB8881E7D7155 /* Boutique360Tests */ = {
			isa = PBXGroup;
			children = (
				E18ED923174A4F69A02A4C12 /* ConfigTests.swift */,
				0AB14826B981C515F7BD3830 /* CustomerImportServiceTests.swift */,
				A7419FD8CFB36BD15950E398 /* CustomerSpendTests.swift */,
				93794B16F0C3102D8AB87332 /* CustomerTimelineEventTests.swift */,
				D159301960E73FAF6E4C90F8 /* DesignTokensTests.swift */,
				E62D7FAC992BCFA6EEE2E5BB /* EnumDecodingTests.swift */,
				A1DFFBBD1FFE1E5F1709949A /* ErrorBusTests.swift */,
				CB11699DBDFE3D9332639D6A /* FormattersTests.swift */,
				BD8EEE2A09A3DFE5D56E8C1C /* GSTINValidatorTests.swift */,
				B7310374FF5322D321637748 /* GSTReportExporterTests.swift */,
				8437F1A37C385BAC2AE3677E /* ImageURLValidatorTests.swift */,
				68664C979D4DCA261430B1B2 /* LockGateTests.swift */,
				794FBB04EB0EE2D819A44205 /* ModelDecodingTests.swift */,
				B51B9B78A325D13321B07EE6 /* MoneyTests.swift */,
				8A49934CCE69186D66047F49 /* MorningBoardTests.swift */,
				A0C8C90A6AF6F34265D74C8A /* OrderSlackTests.swift */,
				0CE75C8A6318309AA0B9C9FE /* PaymentsServiceModelTests.swift */,
				1A55FCCBBA84C05FC08D5189 /* PinHasherTests.swift */,
				759A9B1690B1D7515CF68EBC /* PinPolicyTests.swift */,
				DB82B2C0DAF757B5B37CC1C4 /* ReferencePromptTests.swift */,
				FC35D4D2ACEA2B8D129A0F4D /* ReminderDraftsTests.swift */,
				B1F60CDE5F862531B6D46BFD /* RolePolicyTests.swift */,
				2184A70D6ED04D46C8289F81 /* StatusMachineTests.swift */,
				EE48B5A70951F6D5B3A94BD6 /* TwilioNormalizeTests.swift */,
				D9BFC7650136A2BB654FC04E /* WhatsAppShareHelperTests.swift */,
			);
			path = Boutique360Tests;
			sourceTree = "<group>";
		};
		01E96A677841C7B497DFFC71 /* Configuration */ = {
			isa = PBXGroup;
			children = (
				7B5D169D90967E0A6EC89F9B /* Config.swift */,
				93025C03E14A1542CC2A5238 /* Env.xcconfig */,
				8A9D3F4F4226B8D309CCE16B /* Secrets.xcconfig */,
				D11423D34A4D601FC3CAC605 /* Secrets.xcconfig.example */,
			);
			name = Configuration;
			path = Boutique360/Configuration;
			sourceTree = "<group>";
		};
		04CD216949BAE493EEC03994 /* Customers */ = {
			isa = PBXGroup;
			children = (
				0E35FAAA1DE3580CE4CA2368 /* CustomerDetailView.swift */,
				62698AE8EF9998C8AFC44AFE /* CustomerFormView.swift */,
				3A61B87A34BA4C847248AA8D /* CustomersListView.swift */,
				5973CEB0663435B0AC5A175A /* CustomerSpendSummaryView.swift */,
				809AB65E410865D605DD1486 /* CustomerStyleProfileView.swift */,
				E5B6AE141D1CE0FBA708766E /* CustomerTimelineEventStyling.swift */,
				FCA05E72225F45775FE60623 /* ImportantDateFormView.swift */,
				FC73C87086D30EB4B20BEB12 /* StyleSuggestionsSheet.swift */,
			);
			path = Customers;
			sourceTree = "<group>";
		};
		0CB45820E3D159C78494E8C9 /* Designs */ = {
			isa = PBXGroup;
			children = (
				911FDCEE8BF5173C9528C2E7 /* CustomerLinkSheet.swift */,
				67B75DFF054FA21FD73C7334 /* DesignDetailView.swift */,
				2F5036E60A9CF0E902B748A6 /* DesignFormView.swift */,
				531B614F104FBB0C1B8F63D6 /* DesignsListView.swift */,
				2E0DFFF6CFE3EA0D869CBF30 /* GarmentTemplate.swift */,
				EE00060E9A0163F499E59AB9 /* ImageInputPicker.swift */,
				7A3C298A5F658C09E577D6FC /* ReferenceStudioView.swift */,
				4551D6EF99333ED60155F040 /* RenderView.swift */,
				9A35A89FB3A8A1E2ADD1A999 /* SketchCanvasView.swift */,
				45D48599DC88D52C76C53913 /* VirtualTryOnView.swift */,
			);
			path = Designs;
			sourceTree = "<group>";
		};
		1125461CF481F6A421623450 /* JobCards */ = {
			isa = PBXGroup;
			children = (
				EBC9DBA55BD1E48E3F1FEB6A /* JobCardComposerView.swift */,
				B2D42D75CCEE8F362E9D8426 /* JobCardPreviewView.swift */,
			);
			path = JobCards;
			sourceTree = "<group>";
		};
		16C2EABE75BAC562D75E241F /* Shell */ = {
			isa = PBXGroup;
			children = (
				562812B13F7D90510B109E44 /* AppShellView.swift */,
			);
			path = Shell;
			sourceTree = "<group>";
		};
		2D6315165E68BE98AA78A5E5 /* Inquiries */ = {
			isa = PBXGroup;
			children = (
				C2991DA02D3E5617685B8D3F /* InquiriesListView.swift */,
				643AE0A8C4538C9A0A664750 /* InquiryFormView.swift */,
			);
			path = Inquiries;
			sourceTree = "<group>";
		};
		2FCCD54F7C86F759306B6069 /* Products */ = {
			isa = PBXGroup;
			children = (
				C33B3B4DCF4C747688BBF407 /* Boutique360.app */,
				6669C7AA8782C9C2119D0FA0 /* Boutique360Tests.xctest */,
			);
			name = Products;
			sourceTree = "<group>";
		};
		494DCB5BF3A3484B94473404 = {
			isa = PBXGroup;
			children = (
				7DB9412FBF16C3B71E0BEDD5 /* Boutique360 */,
				005EAAF302FFB8881E7D7155 /* Boutique360Tests */,
				01E96A677841C7B497DFFC71 /* Configuration */,
				2FCCD54F7C86F759306B6069 /* Products */,
			);
			sourceTree = "<group>";
		};
		5540953EF7CC0D3832E6D155 /* Dates */ = {
			isa = PBXGroup;
			children = (
				9A5B792D337D3CC5CDD8D3F5 /* ImportantDatesListView.swift */,
			);
			path = Dates;
			sourceTree = "<group>";
		};
		7DB9412FBF16C3B71E0BEDD5 /* Boutique360 */ = {
			isa = PBXGroup;
			children = (
				8D863245ED5ACE74EB5C9AB8 /* Assets.xcassets */,
				00692156B845A7BDFB655E60 /* Boutique360.entitlements */,
				89EC55AD960A6888307EF31B /* Boutique360App.swift */,
				0930E86CFA3C99E14B5DE528 /* Info.plist */,
				01E96A677841C7B497DFFC71 /* Configuration */,
				8334D3C96731273FD7A0D2B3 /* Features */,
				AE368C4D4EEC4FB3131C828D /* Models */,
				CFC80E972BA274337FE5F63E /* Services */,
				97CF0F95FD63CBF6A087884E /* Utilities */,
			);
			path = Boutique360;
			sourceTree = "<group>";
		};
		81462557E5535E153E210226 /* Measurements */ = {
			isa = PBXGroup;
			children = (
				DA29427CF5F8C65947177AB4 /* MeasurementFormView.swift */,
			);
			path = Measurements;
			sourceTree = "<group>";
		};
		8334D3C96731273FD7A0D2B3 /* Features */ = {
			isa = PBXGroup;
			children = (
				EE2202EDC86DA888419A2F8B /* Auth */,
				8B41E9E414460E62F1579F79 /* Calendar */,
				04CD216949BAE493EEC03994 /* Customers */,
				E8A7B701636333CBA7439B73 /* Dashboard */,
				5540953EF7CC0D3832E6D155 /* Dates */,
				0CB45820E3D159C78494E8C9 /* Designs */,
				2D6315165E68BE98AA78A5E5 /* Inquiries */,
				1125461CF481F6A421623450 /* JobCards */,
				81462557E5535E153E210226 /* Measurements */,
				DEBD108E666EF5B57F3864AE /* Orders */,
				FDF61BE227BEFF0C4BD40AF8 /* Root */,
				E1A457669F8FC083B6A200CB /* Settings */,
				16C2EABE75BAC562D75E241F /* Shell */,
			);
			path = Features;
			sourceTree = "<group>";
		};
		8B41E9E414460E62F1579F79 /* Calendar */ = {
			isa = PBXGroup;
			children = (
				17DBAF1C0E4D8E2F5346AC65 /* AppointmentFormView.swift */,
				1EE7AE14DC7655A5808B26EE /* CalendarView.swift */,
			);
			path = Calendar;
			sourceTree = "<group>";
		};
		97CF0F95FD63CBF6A087884E /* Utilities */ = {
			isa = PBXGroup;
			children = (
				78511745DEAA05544D97B302 /* AppEvents.swift */,
				49A663770C8356F1A66D0028 /* CustomerSpend.swift */,
				FCDDEB6EF95DEBA783A69D77 /* DesignTokens.swift */,
				1C449608F074290180B2B427 /* ErrorBus.swift */,
				498791B4D1735BE393917F2E /* Formatters.swift */,
				BB01486DAEC142C4097E3822 /* GSTINValidator.swift */,
				4D9B210FA66B4A290F6B8489 /* LockGate.swift */,
				3B00FCF5C94D1A41AFB521B6 /* Log.swift */,
				F6FBB3EB67076F070005DB38 /* MorningBoard.swift */,
				B65938960FE851593B10AD49 /* OrderSlack.swift */,
				782BC2A1A41161423583B0FA /* PinHasher.swift */,
				39D0CEF21798BEF3D283CB8C /* PinPolicy.swift */,
				E56BB3C26720D2D030C8F24E /* ReminderDrafts.swift */,
				FD6B90527760DDBDA506EC66 /* RolePolicy.swift */,
				6E6566F16DD7D66E5D1755FE /* WhatsAppShareHelper.swift */,
			);
			path = Utilities;
			sourceTree = "<group>";
		};
		AE368C4D4EEC4FB3131C828D /* Models */ = {
			isa = PBXGroup;
			children = (
				EA939AF6FDAEA79E2EF27E39 /* Alteration.swift */,
				A0598C196A691999052AF60B /* Appointment.swift */,
				789DE6A8A8FAB2334510972E /* Boutique.swift */,
				523DA0A5E070A5E8B5D07DB0 /* Customer.swift */,
				368E0430D424AD8B2D3BB7C5 /* CustomerProfile.swift */,
				527CCCBA1350D9CD63BBC5B1 /* CustomerTimelineEvent.swift */,
				B3BC2DAB9F3A9E15EE732231 /* Design.swift */,
				020C0D415830E4E07318D617 /* DesignRender.swift */,
				BBD8CB81E253099B4832AE9F /* Inquiry.swift */,
				820B25C7EC953FF321AA3A9D /* JobCard.swift */,
				FCC52E91DEA4DD15C24EAA01 /* Measurement.swift */,
				12931A2B737AEDEA26887CB2 /* Order.swift */,
				3F0D87EDD2AA39EE77BC40E5 /* OrderLock.swift */,
			);
			path = Models;
			sourceTree = "<group>";
		};
		CFC80E972BA274337FE5F63E /* Services */ = {
			isa = PBXGroup;
			children = (
				139CE97A5567827938FE9C02 /* AICostMeter.swift */,
				17F512EB1A6C0EED66341868 /* AlterationsService.swift */,
				A2AB779DCC412E6489076985 /* AppointmentsService.swift */,
				BE9B6823C2C38656FC4E0D5D /* AuthService.swift */,
				5AC3CD27F4688007BB2AF109 /* BoutiqueContext.swift */,
				42C4CFDA669F1F48B1EC4C45 /* BoutiqueService.swift */,
				1193F2DBDD7D7A3B072038DD /* CustomerImportService.swift */,
				9A023D2A9519853B5691FF65 /* CustomerNotifier.swift */,
				13E7CE976CB5309E17FA5A7B /* CustomerProfilesService.swift */,
				261C703C9FEECA7301EE7CF9 /* CustomersService.swift */,
				B81CC7E069E03AA8A08C0491 /* CustomerTimelineService.swift */,
				845EE245EB7CFC98E6E1253F /* DesignRendersService.swift */,
				4BD68DFCE40193478DFA3D1A /* DesignsService.swift */,
				C88C68FCBDD5361E5592DB5A /* EventsService.swift */,
				C97BB0D1E591FD5933A287C0 /* GeminiService.swift */,
				827FDFBB02BB23FC704F45B6 /* GSTReportExporter.swift */,
				ACA9CD6936DFD9F296D13514 /* ImportantDatesService.swift */,
				86A7D5B291D442D4A0D6AE5C /* InquiriesService.swift */,
				E96BC2A0EE59D1E6860B3587 /* InvoicePDFGenerator.swift */,
				579590890B7FE39510E4E3F1 /* JobCardEventsService.swift */,
				35A188402BDB0D4379A39B2F /* JobCardPDFGenerator.swift */,
				F2C5E3128DEEB781A8374FAA /* JobCardsService.swift */,
				7F2E1320084D3C6F4A716C4E /* KeychainStore.swift */,
				CE3336CD32DB2D3CCF28EF5F /* MeasurementsService.swift */,
				1C814D6DDDC7AF446243A540 /* NotificationsService.swift */,
				D9F0A0BBEBCB4D0F056E1F99 /* OrderLocksService.swift */,
				85CEA55E43BC3648A39E1849 /* OrdersService.swift */,
				0CB67444A39A9A8225D475C2 /* PaymentsService.swift */,
				C71EA4A6ACE6BB46179437D6 /* RazorpayClient.swift */,
				C1B8B311865FE7C138D7A723 /* RemindersService.swift */,
				CAAD7B1458C3EE3EFBAA1C5A /* SendGridClient.swift */,
				F130C3CAE3C4C1B689BC7C7C /* StaffRoleContext.swift */,
				7042FB90D8CA3275DF9AB71E /* StorageService.swift */,
				745AFC98ADFD99D1BFBED28F /* SupabaseService.swift */,
				224519E2F741ABBA0D3090E8 /* TwilioClient.swift */,
			);
			path = Services;
			sourceTree = "<group>";
		};
		DEBD108E666EF5B57F3864AE /* Orders */ = {
			isa = PBXGroup;
			children = (
				576D4A8FE13B65032686ECDD /* AlterationsSectionView.swift */,
				4251439734E8C843EE5AD349 /* InvoicePreviewView.swift */,
				EA0C355C19CCF5E544B3F597 /* LockSheet.swift */,
				05BB653B5E8BE96C70A1EB5A /* LockSummarySheet.swift */,
				B38BBCF4DB447E22829528F7 /* OrderCreateView.swift */,
				E6C019879B1A0DF3D6BDBE1B /* OrderDetailView.swift */,
				FAE7418F4C807687DFC3BEFD /* OrdersListView.swift */,
				42B75FB38911DE4973558CCD /* OrderTimelineView.swift */,
				596812C9E451E4F67282DEE2 /* PaymentsSectionView.swift */,
				B1B2B36D2550F269C7C0C5A8 /* SlackBadge.swift */,
			);
			path = Orders;
			sourceTree = "<group>";
		};
		E1A457669F8FC083B6A200CB /* Settings */ = {
			isa = PBXGroup;
			children = (
				B51537B01691BFC84E3A6E3A /* PinEntrySheet.swift */,
				0BF947ADCF9CBE3A06D5C8C5 /* SettingsView.swift */,
				1859721413D28410B31C70AA /* StaffRoleSection.swift */,
			);
			path = Settings;
			sourceTree = "<group>";
		};
		E8A7B701636333CBA7439B73 /* Dashboard */ = {
			isa = PBXGroup;
			children = (
				98D3635D547A3831FD95F341 /* DashboardView.swift */,
				BE8C06BFD8E8B9AAD96E47B1 /* MorningBoardView.swift */,
				987D12913C4653631A3DEF0D /* RemindersSectionView.swift */,
			);
			path = Dashboard;
			sourceTree = "<group>";
		};
		EE2202EDC86DA888419A2F8B /* Auth */ = {
			isa = PBXGroup;
			children = (
				BF745E6724DE0A69610EC6FE /* SignInView.swift */,
			);
			path = Auth;
			sourceTree = "<group>";
		};
		FDF61BE227BEFF0C4BD40AF8 /* Root */ = {
			isa = PBXGroup;
			children = (
				0C3B8F4DAA8944A162925136 /* RootView.swift */,
			);
			path = Root;
			sourceTree = "<group>";
		};
/* End PBXGroup section */

/* Begin PBXNativeTarget section */
		2924B8D3E2FA404E722450F6 /* Boutique360 */ = {
			isa = PBXNativeTarget;
			buildConfigurationList = E36FBC1A1E6EC07803F0467C /* Build configuration list for PBXNativeTarget "Boutique360" */;
			buildPhases = (
				17692C1F90C293F9C46EB389 /* Sources */,
				B2F73748C57A79A0A57A7B0A /* Resources */,
				5F519E0A4AA9D8684D9AA7D1 /* Frameworks */,
			);
			buildRules = (
			);
			dependencies = (
			);
			name = Boutique360;
			packageProductDependencies = (
				6FE16090EB97CBE5A71BBAC7 /* Supabase */,
			);
			productName = Boutique360;
			productReference = C33B3B4DCF4C747688BBF407 /* Boutique360.app */;
			productType = "com.apple.product-type.application";
		};
		4A5978A418C5F57E120923E5 /* Boutique360Tests */ = {
			isa = PBXNativeTarget;
			buildConfigurationList = E7C76DFD63ECC9EA7298C5E3 /* Build configuration list for PBXNativeTarget "Boutique360Tests" */;
			buildPhases = (
				5E11CC8A1262332735C9D442 /* Sources */,
			);
			buildRules = (
			);
			dependencies = (
				09EB0DCB666B9460D3D03053 /* PBXTargetDependency */,
			);
			name = Boutique360Tests;
			packageProductDependencies = (
			);
			productName = Boutique360Tests;
			productReference = 6669C7AA8782C9C2119D0FA0 /* Boutique360Tests.xctest */;
			productType = "com.apple.product-type.bundle.unit-test";
		};
/* End PBXNativeTarget section */

/* Begin PBXProject section */
		D29EB973534641DE52A3D564 /* Project object */ = {
			isa = PBXProject;
			attributes = {
				BuildIndependentTargetsInParallel = YES;
				LastUpgradeCheck = 1430;
				TargetAttributes = {
					2924B8D3E2FA404E722450F6 = {
						ProvisioningStyle = Automatic;
					};
				};
			};
			buildConfigurationList = 86114DBE1F11D810DB398EE9 /* Build configuration list for PBXProject "Boutique360" */;
			compatibilityVersion = "Xcode 14.0";
			developmentRegion = en;
			hasScannedForEncodings = 0;
			knownRegions = (
				Base,
				en,
			);
			mainGroup = 494DCB5BF3A3484B94473404;
			minimizedProjectReferenceProxies = 1;
			packageReferences = (
				4B4E051F9F69938B8038B9B9 /* XCRemoteSwiftPackageReference "supabase-swift" */,
			);
			preferredProjectObjectVersion = 77;
			projectDirPath = "";
			projectRoot = "";
			targets = (
				2924B8D3E2FA404E722450F6 /* Boutique360 */,
				4A5978A418C5F57E120923E5 /* Boutique360Tests */,
			);
		};
/* End PBXProject section */

/* Begin PBXResourcesBuildPhase section */
		B2F73748C57A79A0A57A7B0A /* Resources */ = {
			isa = PBXResourcesBuildPhase;
			buildActionMask = 2147483647;
			files = (
				2A56907FBE2F2C4AA2239340 /* Assets.xcassets in Resources */,
				A7B120815ADD4F32F14389E6 /* Secrets.xcconfig.example in Resources */,
			);
			runOnlyForDeploymentPostprocessing = 0;
		};
/* End PBXResourcesBuildPhase section */

/* Begin PBXSourcesBuildPhase section */
		17692C1F90C293F9C46EB389 /* Sources */ = {
			isa = PBXSourcesBuildPhase;
			buildActionMask = 2147483647;
			files = (
				2D3DBAC66176C1D21D911150 /* AICostMeter.swift in Sources */,
				28ED8754B511B3D8AEE21673 /* Alteration.swift in Sources */,
				9D4DF386C70BBD9531103853 /* AlterationsSectionView.swift in Sources */,
				5C8A789C1F54CF86C8CD2D1B /* AlterationsService.swift in Sources */,
				DEEB7B37D7B0BFBA7B56FD1E /* AppEvents.swift in Sources */,
				491C46CD7DD3C8FB990BE716 /* AppShellView.swift in Sources */,
				3792A208A38CE693B5BE7929 /* Appointment.swift in Sources */,
				CD1D3D6C3D8616DE6F369D08 /* AppointmentFormView.swift in Sources */,
				47DCCD8355C934670FA1DE29 /* AppointmentsService.swift in Sources */,
				99A2F8172F28BA91A525D238 /* AuthService.swift in Sources */,
				763BAB6C879BB592CC9A5023 /* Boutique.swift in Sources */,
				B4F0016F512542D8A62182EE /* Boutique360App.swift in Sources */,
				E45C9C739519EAA82EB468FC /* BoutiqueContext.swift in Sources */,
				543FBF536AEF6CDB326F3833 /* BoutiqueService.swift in Sources */,
				4C36CD68C4A50EFB987D6450 /* CalendarView.swift in Sources */,
				C8E2551C217BFF528F3ED4CA /* Config.swift in Sources */,
				D74F92B0DD307B8704982DB9 /* Customer.swift in Sources */,
				3FCD2D638C3843D00F04E944 /* CustomerDetailView.swift in Sources */,
				56BD952314C4D2F871545F14 /* CustomerFormView.swift in Sources */,
				3264B217FD1CCFA58DAA2633 /* CustomerImportService.swift in Sources */,
				D5C75A09B2E8609D5A23FC13 /* CustomerLinkSheet.swift in Sources */,
				00669ED5BB9BE9FF5614782C /* CustomerNotifier.swift in Sources */,
				623703DD58FDB486EC845FB8 /* CustomerProfile.swift in Sources */,
				132F580C1AC00B8C85DCF0A0 /* CustomerProfilesService.swift in Sources */,
				3B82E0B70A3145D5FA02D2FB /* CustomerSpend.swift in Sources */,
				902BCE9FE75F12267706D51B /* CustomerSpendSummaryView.swift in Sources */,
				6F73FA4C49F74B4B68CB220A /* CustomerStyleProfileView.swift in Sources */,
				EF11BCC61697AB0FDF85CD8F /* CustomerTimelineEvent.swift in Sources */,
				B1FE678C9DC5551C5081795A /* CustomerTimelineEventStyling.swift in Sources */,
				77CB783F18E57C4D78803AAD /* CustomerTimelineService.swift in Sources */,
				015AC3572CA55852CFD84F6F /* CustomersListView.swift in Sources */,
				A57C33986D5066343B805401 /* CustomersService.swift in Sources */,
				E8B6DE3121AB658DAECB34BB /* DashboardView.swift in Sources */,
				110E5EC55ADC1F4AB9E1DC57 /* Design.swift in Sources */,
				B4C9DBDE270D8246411DDE64 /* DesignDetailView.swift in Sources */,
				F24279E4E45E18AA2EF22BBD /* DesignFormView.swift in Sources */,
				F695085560EA4AE665ED9BE1 /* DesignRender.swift in Sources */,
				92CAEE3D77F9B3E01D4A2107 /* DesignRendersService.swift in Sources */,
				DC3DDC6F8EAB9563B8862E49 /* DesignTokens.swift in Sources */,
				6E921B0A36CE7103E5F7801D /* DesignsListView.swift in Sources */,
				74B81B98D5B264EC57737419 /* DesignsService.swift in Sources */,
				11106FCE314038E586A51BAB /* ErrorBus.swift in Sources */,
				9DC4D33E1D65C76113EFFF57 /* EventsService.swift in Sources */,
				56CFB9E4973ECABB108E88EB /* Formatters.swift in Sources */,
				C3CACA179A86BF2EF3EA736C /* GSTINValidator.swift in Sources */,
				36BDA2006336D7AF28A972F1 /* GSTReportExporter.swift in Sources */,
				8880119B63E872ED0384F0D4 /* GarmentTemplate.swift in Sources */,
				0E23288E6896CAB3D178D5C9 /* GeminiService.swift in Sources */,
				D49FD1F5C9148B9E3BB42A10 /* ImageInputPicker.swift in Sources */,
				74E9FB3FB01DC67AF00FFAC1 /* ImportantDateFormView.swift in Sources */,
				2382652846A820C83D63A8A8 /* ImportantDatesListView.swift in Sources */,
				138FBD62AA1BB9FD570549F1 /* ImportantDatesService.swift in Sources */,
				FB6A57F56D7F4CD2CD065E58 /* InquiriesListView.swift in Sources */,
				DE3FBD723F5E1CDF0852F2A4 /* InquiriesService.swift in Sources */,
				E0412F55188A0FF4475C2036 /* Inquiry.swift in Sources */,
				B9F3B021F82FEA27F45A0870 /* InquiryFormView.swift in Sources */,
				CF619D1BA6A79B2CEBED4A3D /* InvoicePDFGenerator.swift in Sources */,
				213A32169149B7F1D8D8B01A /* InvoicePreviewView.swift in Sources */,
				761FD51BDE3A3FFF1B08168B /* JobCard.swift in Sources */,
				A94D4F4D659D6F2EB37B01F8 /* JobCardComposerView.swift in Sources */,
				DB2BEDA4DA670597B9138AC5 /* JobCardEventsService.swift in Sources */,
				2416929843F5AE83245BD772 /* JobCardPDFGenerator.swift in Sources */,
				1BA363E0E46EE31727105266 /* JobCardPreviewView.swift in Sources */,
				D3A1035B25F04968CB373AB9 /* JobCardsService.swift in Sources */,
				8FFAFB40924BC16D12DC0E38 /* KeychainStore.swift in Sources */,
				33F17557C4D481725C1DB23D /* LockGate.swift in Sources */,
				E8786C1202C49600500E0930 /* LockSheet.swift in Sources */,
				F7E3CFCEA293C90706B1176B /* LockSummarySheet.swift in Sources */,
				8815BF21F8E056D32B6A7A5F /* Log.swift in Sources */,
				CC587B49D585BB3C46D21B0C /* Measurement.swift in Sources */,
				8DF54D169A390D036680A486 /* MeasurementFormView.swift in Sources */,
				BEEC95627D524D70A2F0A8DF /* MeasurementsService.swift in Sources */,
				96FC44B9DEA7858F0ED5A2B0 /* MorningBoard.swift in Sources */,
				92FCF47CDAC1957CC7FBF28E /* MorningBoardView.swift in Sources */,
				5BAAF970580377523EA91E6E /* NotificationsService.swift in Sources */,
				7621FBC1259401B39D275864 /* Order.swift in Sources */,
				B1E7A5ED2A56B43F13A7A0E1 /* OrderCreateView.swift in Sources */,
				2EF8E600870EF1FD57E1BD32 /* OrderDetailView.swift in Sources */,
				5A33BF4256D3270CE0B1118E /* OrderLock.swift in Sources */,
				BC17F7673EF1E9CAC74FBFB6 /* OrderLocksService.swift in Sources */,
				72B4089DBD5112F35AE0994E /* OrderSlack.swift in Sources */,
				29F0F34F7694D9ECDAEA15F9 /* OrderTimelineView.swift in Sources */,
				6D2A26D6EA6DBC84A99173EA /* OrdersListView.swift in Sources */,
				CC880316E58BB3BD3CBC5850 /* OrdersService.swift in Sources */,
				D4B8B3D52DDA61929077A0D3 /* PaymentsSectionView.swift in Sources */,
				1B442A269992631F22CAA512 /* PaymentsService.swift in Sources */,
				D6A9DD77E5F0F608956D9AC8 /* PinEntrySheet.swift in Sources */,
				456C1BD1DCFFFD9E05E08DD9 /* PinHasher.swift in Sources */,
				E7C1AF9721B7DB4DD20C5E54 /* PinPolicy.swift in Sources */,
				DB750B47E2B4AA19875E1C20 /* RazorpayClient.swift in Sources */,
				88B0947BE7CFB88991C39FF6 /* ReferenceStudioView.swift in Sources */,
				CEBD1121A8E76DEEE0AD9306 /* ReminderDrafts.swift in Sources */,
				6C2846260A41B6B76688DFDE /* RemindersSectionView.swift in Sources */,
				CBECB3C52F690A0BA9B6F2DF /* RemindersService.swift in Sources */,
				A46DD4170D5B99FDF7999675 /* RenderView.swift in Sources */,
				C91333D7F51F39AA7CC606D4 /* RolePolicy.swift in Sources */,
				A327DCAE4A1F9CEE7BAB3240 /* RootView.swift in Sources */,
				7C20E9A08730F26AD5E8AFBB /* SendGridClient.swift in Sources */,
				631A2B06BAA7191CB4DDB8AC /* SettingsView.swift in Sources */,
				1B87E7C081BAB5D8BDC61BBC /* SignInView.swift in Sources */,
				78AA949DF3EB07E3678D8CEC /* SketchCanvasView.swift in Sources */,
				477A637B79BC53952C16185F /* SlackBadge.swift in Sources */,
				0860D0C6EE8C6A6995A2B6C6 /* StaffRoleContext.swift in Sources */,
				9DF7B1C1EB2F459A1248DF4F /* StaffRoleSection.swift in Sources */,
				BD166544FC31E672D764DE35 /* StorageService.swift in Sources */,
				4B4B4778A1D9B12862832D95 /* StyleSuggestionsSheet.swift in Sources */,
				C16025CE36C54E969C411784 /* SupabaseService.swift in Sources */,
				D8D0B3C1D796238425E736FE /* TwilioClient.swift in Sources */,
				75498B08BB481C1A9F0B6458 /* VirtualTryOnView.swift in Sources */,
				62A2312C3C7BE2052A92F9FB /* WhatsAppShareHelper.swift in Sources */,
			);
			runOnlyForDeploymentPostprocessing = 0;
		};
		5E11CC8A1262332735C9D442 /* Sources */ = {
			isa = PBXSourcesBuildPhase;
			buildActionMask = 2147483647;
			files = (
				5ABA0C7F23F05BAE1CDDF0C8 /* ConfigTests.swift in Sources */,
				232EA73DDC6B8671B2211409 /* CustomerImportServiceTests.swift in Sources */,
				6B6AACAB4EE04A4BCF261C14 /* CustomerSpendTests.swift in Sources */,
				5FA7CE73E3A9805485320355 /* CustomerTimelineEventTests.swift in Sources */,
				BB0F20D56721EB3C8110B0C4 /* DesignTokensTests.swift in Sources */,
				496750A87198099EACC4CB27 /* EnumDecodingTests.swift in Sources */,
				05D8DB011D28105FFA388D78 /* ErrorBusTests.swift in Sources */,
				F887BC93E72781523EFFAE33 /* FormattersTests.swift in Sources */,
				3BB4B81055DD40E5345E5672 /* GSTINValidatorTests.swift in Sources */,
				9A61C6F6ECFEBFC693957BE8 /* GSTReportExporterTests.swift in Sources */,
				9540AD799BB488211D8CE6E5 /* ImageURLValidatorTests.swift in Sources */,
				24C5EAFDED1EF2E950EBDC45 /* LockGateTests.swift in Sources */,
				7A85C706C713FE590D928ACD /* ModelDecodingTests.swift in Sources */,
				4624C704DF46081638434B73 /* MoneyTests.swift in Sources */,
				16AB9E5FDC258C0767FDAF69 /* MorningBoardTests.swift in Sources */,
				F3D19282A5CB25C5B8504DE3 /* OrderSlackTests.swift in Sources */,
				96C65521BE778AD5B16AC7F6 /* PaymentsServiceModelTests.swift in Sources */,
				AF040A10F7028EA9FEB57E77 /* PinHasherTests.swift in Sources */,
				B53F893B4D7B30AD51D86080 /* PinPolicyTests.swift in Sources */,
				72DD05843BB7F59E3FD1889B /* ReferencePromptTests.swift in Sources */,
				C22890C38404872D7186A2EE /* ReminderDraftsTests.swift in Sources */,
				387E708FA3AA7AF063AAAC6F /* RolePolicyTests.swift in Sources */,
				FFDB22488D6F4C3B7BFEA451 /* StatusMachineTests.swift in Sources */,
				EDCFBBA44E275A13BB718494 /* TwilioNormalizeTests.swift in Sources */,
				45734C8BB078AD0F53E25379 /* WhatsAppShareHelperTests.swift in Sources */,
			);
			runOnlyForDeploymentPostprocessing = 0;
		};
/* End PBXSourcesBuildPhase section */

/* Begin PBXTargetDependency section */
		09EB0DCB666B9460D3D03053 /* PBXTargetDependency */ = {
			isa = PBXTargetDependency;
			target = 2924B8D3E2FA404E722450F6 /* Boutique360 */;
			targetProxy = 8B54BAFD5F76D4C5D9028174 /* PBXContainerItemProxy */;
		};
/* End PBXTargetDependency section */

/* Begin XCBuildConfiguration section */
		264B0B9A9E8B1B59EBD359D6 /* Debug */ = {
			isa = XCBuildConfiguration;
			baseConfigurationReference = 93025C03E14A1542CC2A5238 /* Env.xcconfig */;
			buildSettings = {
				ALWAYS_SEARCH_USER_PATHS = NO;
				CLANG_ANALYZER_NONNULL = YES;
				CLANG_ANALYZER_NUMBER_OBJECT_CONVERSION = YES_AGGRESSIVE;
				CLANG_CXX_LANGUAGE_STANDARD = "gnu++14";
				CLANG_CXX_LIBRARY = "libc++";
				CLANG_ENABLE_MODULES = YES;
				CLANG_ENABLE_OBJC_ARC = YES;
				CLANG_ENABLE_OBJC_WEAK = YES;
				CLANG_WARN_BLOCK_CAPTURE_AUTORELEASING = YES;
				CLANG_WARN_BOOL_CONVERSION = YES;
				CLANG_WARN_COMMA = YES;
				CLANG_WARN_CONSTANT_CONVERSION = YES;
				CLANG_WARN_DEPRECATED_OBJC_IMPLEMENTATIONS = YES;
				CLANG_WARN_DIRECT_OBJC_ISA_USAGE = YES_ERROR;
				CLANG_WARN_DOCUMENTATION_COMMENTS = YES;
				CLANG_WARN_EMPTY_BODY = YES;
				CLANG_WARN_ENUM_CONVERSION = YES;
				CLANG_WARN_INFINITE_RECURSION = YES;
				CLANG_WARN_INT_CONVERSION = YES;
				CLANG_WARN_NON_LITERAL_NULL_CONVERSION = YES;
				CLANG_WARN_OBJC_IMPLICIT_RETAIN_SELF = YES;
				CLANG_WARN_OBJC_LITERAL_CONVERSION = YES;
				CLANG_WARN_OBJC_ROOT_CLASS = YES_ERROR;
				CLANG_WARN_QUOTED_INCLUDE_IN_FRAMEWORK_HEADER = YES;
				CLANG_WARN_RANGE_LOOP_ANALYSIS = YES;
				CLANG_WARN_STRICT_PROTOTYPES = YES;
				CLANG_WARN_SUSPICIOUS_MOVE = YES;
				CLANG_WARN_UNGUARDED_AVAILABILITY = YES_AGGRESSIVE;
				CLANG_WARN_UNREACHABLE_CODE = YES;
				CLANG_WARN__DUPLICATE_METHOD_MATCH = YES;
				COPY_PHASE_STRIP = NO;
				DEBUG_INFORMATION_FORMAT = dwarf;
				ENABLE_STRICT_OBJC_MSGSEND = YES;
				ENABLE_TESTABILITY = YES;
				ENABLE_USER_SCRIPT_SANDBOXING = YES;
				GCC_C_LANGUAGE_STANDARD = gnu11;
				GCC_DYNAMIC_NO_PIC = NO;
				GCC_NO_COMMON_BLOCKS = YES;
				GCC_OPTIMIZATION_LEVEL = 0;
				GCC_PREPROCESSOR_DEFINITIONS = (
					"$(inherited)",
					"DEBUG=1",
				);
				GCC_WARN_64_TO_32_BIT_CONVERSION = YES;
				GCC_WARN_ABOUT_RETURN_TYPE = YES_ERROR;
				GCC_WARN_UNDECLARED_SELECTOR = YES;
				GCC_WARN_UNINITIALIZED_AUTOS = YES_AGGRESSIVE;
				GCC_WARN_UNUSED_FUNCTION = YES;
				GCC_WARN_UNUSED_VARIABLE = YES;
				GENERATE_INFOPLIST_FILE = NO;
				IPHONEOS_DEPLOYMENT_TARGET = 17.0;
				MTL_ENABLE_DEBUG_INFO = INCLUDE_SOURCE;
				MTL_FAST_MATH = YES;
				ONLY_ACTIVE_ARCH = YES;
				PRODUCT_NAME = "$(TARGET_NAME)";
				SDKROOT = iphoneos;
				SUPPORTED_PLATFORMS = "iphoneos iphonesimulator";
				SUPPORTS_MAC_DESIGNED_FOR_IPHONE_IPAD = NO;
				SWIFT_ACTIVE_COMPILATION_CONDITIONS = DEBUG;
				SWIFT_OPTIMIZATION_LEVEL = "-Onone";
				SWIFT_VERSION = 5.10;
				TARGETED_DEVICE_FAMILY = 2;
			};
			name = Debug;
		};
		5CD2DE5CEF661D4A1ECB21C9 /* Release */ = {
			isa = XCBuildConfiguration;
			buildSettings = {
				ASSETCATALOG_COMPILER_APPICON_NAME = AppIcon;
				ASSETCATALOG_COMPILER_GLOBAL_ACCENT_COLOR_NAME = AccentColor;
				CODE_SIGN_ENTITLEMENTS = Boutique360/Boutique360.entitlements;
				CODE_SIGN_IDENTITY = "iPhone Developer";
				CODE_SIGN_STYLE = Automatic;
				INFOPLIST_FILE = Boutique360/Info.plist;
				LD_RUNPATH_SEARCH_PATHS = (
					"$(inherited)",
					"@executable_path/Frameworks",
				);
				PRODUCT_BUNDLE_IDENTIFIER = com.boutique360.designer.ipad;
				SDKROOT = iphoneos;
				TARGETED_DEVICE_FAMILY = "1,2";
			};
			name = Release;
		};
		5F58D5E575E80539B2143F7A /* Release */ = {
			isa = XCBuildConfiguration;
			buildSettings = {
				BUNDLE_LOADER = "$(TEST_HOST)";
				GENERATE_INFOPLIST_FILE = YES;
				LD_RUNPATH_SEARCH_PATHS = (
					"$(inherited)",
					"@executable_path/Frameworks",
					"@loader_path/Frameworks",
				);
				PRODUCT_BUNDLE_IDENTIFIER = com.boutique360.designer.Boutique360Tests;
				SDKROOT = iphoneos;
				TARGETED_DEVICE_FAMILY = "1,2";
				TEST_HOST = "$(BUILT_PRODUCTS_DIR)/Boutique360.app/Boutique360";
			};
			name = Release;
		};
		63C502D6406E27C72C4E0C5B /* Debug */ = {
			isa = XCBuildConfiguration;
			buildSettings = {
				BUNDLE_LOADER = "$(TEST_HOST)";
				GENERATE_INFOPLIST_FILE = YES;
				LD_RUNPATH_SEARCH_PATHS = (
					"$(inherited)",
					"@executable_path/Frameworks",
					"@loader_path/Frameworks",
				);
				PRODUCT_BUNDLE_IDENTIFIER = com.boutique360.designer.Boutique360Tests;
				SDKROOT = iphoneos;
				TARGETED_DEVICE_FAMILY = "1,2";
				TEST_HOST = "$(BUILT_PRODUCTS_DIR)/Boutique360.app/Boutique360";
			};
			name = Debug;
		};
		9D789BA6871C25EBB3269E23 /* Debug */ = {
			isa = XCBuildConfiguration;
			buildSettings = {
				ASSETCATALOG_COMPILER_APPICON_NAME = AppIcon;
				ASSETCATALOG_COMPILER_GLOBAL_ACCENT_COLOR_NAME = AccentColor;
				CODE_SIGN_ENTITLEMENTS = Boutique360/Boutique360.entitlements;
				CODE_SIGN_IDENTITY = "iPhone Developer";
				CODE_SIGN_STYLE = Automatic;
				INFOPLIST_FILE = Boutique360/Info.plist;
				LD_RUNPATH_SEARCH_PATHS = (
					"$(inherited)",
					"@executable_path/Frameworks",
				);
				PRODUCT_BUNDLE_IDENTIFIER = com.boutique360.designer.ipad;
				SDKROOT = iphoneos;
				TARGETED_DEVICE_FAMILY = "1,2";
			};
			name = Debug;
		};
		A36B7CCF365BBB6670FECCF7 /* Release */ = {
			isa = XCBuildConfiguration;
			baseConfigurationReference = 93025C03E14A1542CC2A5238 /* Env.xcconfig */;
			buildSettings = {
				ALWAYS_SEARCH_USER_PATHS = NO;
				CLANG_ANALYZER_NONNULL = YES;
				CLANG_ANALYZER_NUMBER_OBJECT_CONVERSION = YES_AGGRESSIVE;
				CLANG_CXX_LANGUAGE_STANDARD = "gnu++14";
				CLANG_CXX_LIBRARY = "libc++";
				CLANG_ENABLE_MODULES = YES;
				CLANG_ENABLE_OBJC_ARC = YES;
				CLANG_ENABLE_OBJC_WEAK = YES;
				CLANG_WARN_BLOCK_CAPTURE_AUTORELEASING = YES;
				CLANG_WARN_BOOL_CONVERSION = YES;
				CLANG_WARN_COMMA = YES;
				CLANG_WARN_CONSTANT_CONVERSION = YES;
				CLANG_WARN_DEPRECATED_OBJC_IMPLEMENTATIONS = YES;
				CLANG_WARN_DIRECT_OBJC_ISA_USAGE = YES_ERROR;
				CLANG_WARN_DOCUMENTATION_COMMENTS = YES;
				CLANG_WARN_EMPTY_BODY = YES;
				CLANG_WARN_ENUM_CONVERSION = YES;
				CLANG_WARN_INFINITE_RECURSION = YES;
				CLANG_WARN_INT_CONVERSION = YES;
				CLANG_WARN_NON_LITERAL_NULL_CONVERSION = YES;
				CLANG_WARN_OBJC_IMPLICIT_RETAIN_SELF = YES;
				CLANG_WARN_OBJC_LITERAL_CONVERSION = YES;
				CLANG_WARN_OBJC_ROOT_CLASS = YES_ERROR;
				CLANG_WARN_QUOTED_INCLUDE_IN_FRAMEWORK_HEADER = YES;
				CLANG_WARN_RANGE_LOOP_ANALYSIS = YES;
				CLANG_WARN_STRICT_PROTOTYPES = YES;
				CLANG_WARN_SUSPICIOUS_MOVE = YES;
				CLANG_WARN_UNGUARDED_AVAILABILITY = YES_AGGRESSIVE;
				CLANG_WARN_UNREACHABLE_CODE = YES;
				CLANG_WARN__DUPLICATE_METHOD_MATCH = YES;
				COPY_PHASE_STRIP = NO;
				DEBUG_INFORMATION_FORMAT = "dwarf-with-dsym";
				ENABLE_NS_ASSERTIONS = NO;
				ENABLE_STRICT_OBJC_MSGSEND = YES;
				ENABLE_USER_SCRIPT_SANDBOXING = YES;
				GCC_C_LANGUAGE_STANDARD = gnu11;
				GCC_NO_COMMON_BLOCKS = YES;
				GCC_WARN_64_TO_32_BIT_CONVERSION = YES;
				GCC_WARN_ABOUT_RETURN_TYPE = YES_ERROR;
				GCC_WARN_UNDECLARED_SELECTOR = YES;
				GCC_WARN_UNINITIALIZED_AUTOS = YES_AGGRESSIVE;
				GCC_WARN_UNUSED_FUNCTION = YES;
				GCC_WARN_UNUSED_VARIABLE = YES;
				GENERATE_INFOPLIST_FILE = NO;
				IPHONEOS_DEPLOYMENT_TARGET = 17.0;
				MTL_ENABLE_DEBUG_INFO = NO;
				MTL_FAST_MATH = YES;
				PRODUCT_NAME = "$(TARGET_NAME)";
				SDKROOT = iphoneos;
				SUPPORTED_PLATFORMS = "iphoneos iphonesimulator";
				SUPPORTS_MAC_DESIGNED_FOR_IPHONE_IPAD = NO;
				SWIFT_COMPILATION_MODE = wholemodule;
				SWIFT_OPTIMIZATION_LEVEL = "-O";
				SWIFT_VERSION = 5.10;
				TARGETED_DEVICE_FAMILY = 2;
			};
			name = Release;
		};
/* End XCBuildConfiguration section */

/* Begin XCConfigurationList section */
		86114DBE1F11D810DB398EE9 /* Build configuration list for PBXProject "Boutique360" */ = {
			isa = XCConfigurationList;
			buildConfigurations = (
				264B0B9A9E8B1B59EBD359D6 /* Debug */,
				A36B7CCF365BBB6670FECCF7 /* Release */,
			);
			defaultConfigurationIsVisible = 0;
			defaultConfigurationName = Debug;
		};
		E36FBC1A1E6EC07803F0467C /* Build configuration list for PBXNativeTarget "Boutique360" */ = {
			isa = XCConfigurationList;
			buildConfigurations = (
				9D789BA6871C25EBB3269E23 /* Debug */,
				5CD2DE5CEF661D4A1ECB21C9 /* Release */,
			);
			defaultConfigurationIsVisible = 0;
			defaultConfigurationName = Debug;
		};
		E7C76DFD63ECC9EA7298C5E3 /* Build configuration list for PBXNativeTarget "Boutique360Tests" */ = {
			isa = XCConfigurationList;
			buildConfigurations = (
				63C502D6406E27C72C4E0C5B /* Debug */,
				5F58D5E575E80539B2143F7A /* Release */,
			);
			defaultConfigurationIsVisible = 0;
			defaultConfigurationName = Debug;
		};
/* End XCConfigurationList section */

/* Begin XCRemoteSwiftPackageReference section */
		4B4E051F9F69938B8038B9B9 /* XCRemoteSwiftPackageReference "supabase-swift" */ = {
			isa = XCRemoteSwiftPackageReference;
			repositoryURL = "https://github.com/supabase/supabase-swift";
			requirement = {
				kind = upToNextMajorVersion;
				minimumVersion = 2.20.0;
			};
		};
/* End XCRemoteSwiftPackageReference section */

/* Begin XCSwiftPackageProductDependency section */
		6FE16090EB97CBE5A71BBAC7 /* Supabase */ = {
			isa = XCSwiftPackageProductDependency;
			package = 4B4E051F9F69938B8038B9B9 /* XCRemoteSwiftPackageReference "supabase-swift" */;
			productName = Supabase;
		};
/* End XCSwiftPackageProductDependency section */
	};
	rootObject = D29EB973534641DE52A3D564 /* Project object */;
}
